// !$*UTF8*$!
{
	archiveVersion = 1;
	classes = {
	};
	objectVersion = 51;
	objects = {

/* Begin PBXBuildFile section */
		ABBDEB5983BC0A09AA662697 /* Pods_RepositoryTests.framework in Frameworks */ = {isa = PBXBuildFile; fileRef = B94FFACC99D9CE9706E3CCD9 /* Pods_RepositoryTests.framework */; };
		BD8F9B93276F68B4002BD084 /* Repository.framework in Frameworks */ = {isa = PBXBuildFile; fileRef = BD8F9B89276F68B4002BD084 /* Repository.framework */; };
		BD8F9B9A276F68B4002BD084 /* Repository.h in Headers */ = {isa = PBXBuildFile; fileRef = BD8F9B8C276F68B4002BD084 /* Repository.h */; settings = {ATTRIBUTES = (Public, ); }; };
		BD8F9BC3276F6A46002BD084 /* Repository.strings in Resources */ = {isa = PBXBuildFile; fileRef = BD8F9BC2276F6A46002BD084 /* Repository.strings */; };
		BD8F9BCA276F6A72002BD084 /* RepositoryStringConstants.swift in Sources */ = {isa = PBXBuildFile; fileRef = BD8F9BC9276F6A72002BD084 /* RepositoryStringConstants.swift */; };
		BD8F9C00276F6C86002BD084 /* RepositoryRequest.swift in Sources */ = {isa = PBXBuildFile; fileRef = BD8F9BFF276F6C86002BD084 /* RepositoryRequest.swift */; };
		BD8F9C06276F6C93002BD084 /* Core.framework in Frameworks */ = {isa = PBXBuildFile; fileRef = BD8F9C05276F6C93002BD084 /* Core.framework */; };
		BD8F9C0B276F6C99002BD084 /* MobileChallengeUI.framework in Frameworks */ = {isa = PBXBuildFile; fileRef = BD8F9C0A276F6C99002BD084 /* MobileChallengeUI.framework */; };
		BD8F9C13276F6F18002BD084 /* RepositoryRequestTests.swift in Sources */ = {isa = PBXBuildFile; fileRef = BD8F9C12276F6F18002BD084 /* RepositoryRequestTests.swift */; };
		BD9FF701276F74D9002A4FA0 /* RepositoyListResponse.swift in Sources */ = {isa = PBXBuildFile; fileRef = BD9FF700276F74D9002A4FA0 /* RepositoyListResponse.swift */; };
		BD9FF705276F7723002A4FA0 /* RepositoryService.swift in Sources */ = {isa = PBXBuildFile; fileRef = BD9FF704276F7723002A4FA0 /* RepositoryService.swift */; };
		BD9FF70A276F78BA002A4FA0 /* RepositoryServiceProtocol.swift in Sources */ = {isa = PBXBuildFile; fileRef = BD9FF709276F78BA002A4FA0 /* RepositoryServiceProtocol.swift */; };
		BD9FF715276F7966002A4FA0 /* RepositoryListView.swift in Sources */ = {isa = PBXBuildFile; fileRef = BD9FF714276F7966002A4FA0 /* RepositoryListView.swift */; };
		BD9FF71C276F7BC1002A4FA0 /* RepositoryListProvider.swift in Sources */ = {isa = PBXBuildFile; fileRef = BD9FF71B276F7BC1002A4FA0 /* RepositoryListProvider.swift */; };
		BD9FF722276F7C07002A4FA0 /* RepositoryListProviderProtocol.swift in Sources */ = {isa = PBXBuildFile; fileRef = BD9FF721276F7C07002A4FA0 /* RepositoryListProviderProtocol.swift */; };
		BD9FF726276F7C94002A4FA0 /* RepositoryListState.swift in Sources */ = {isa = PBXBuildFile; fileRef = BD9FF725276F7C94002A4FA0 /* RepositoryListState.swift */; };
		BD9FF72F276F7F0B002A4FA0 /* RepositoryListViewController.swift in Sources */ = {isa = PBXBuildFile; fileRef = BD9FF72E276F7F0B002A4FA0 /* RepositoryListViewController.swift */; };
		BD9FF734276F8529002A4FA0 /* RepositoryCoordinator.swift in Sources */ = {isa = PBXBuildFile; fileRef = BD9FF733276F8529002A4FA0 /* RepositoryCoordinator.swift */; };
		BD9FF755276F9E82002A4FA0 /* PullRequestCredentials.swift in Sources */ = {isa = PBXBuildFile; fileRef = BD9FF754276F9E82002A4FA0 /* PullRequestCredentials.swift */; };
		BD9FF75B276F9FCB002A4FA0 /* PullRequestListResponse.swift in Sources */ = {isa = PBXBuildFile; fileRef = BD9FF75A276F9FCB002A4FA0 /* PullRequestListResponse.swift */; };
		BD9FF762276FA188002A4FA0 /* PullRequestListProvider.swift in Sources */ = {isa = PBXBuildFile; fileRef = BD9FF761276FA188002A4FA0 /* PullRequestListProvider.swift */; };
		BD9FF768276FA1B8002A4FA0 /* PullRequestListProviderProtocol.swift in Sources */ = {isa = PBXBuildFile; fileRef = BD9FF767276FA1B8002A4FA0 /* PullRequestListProviderProtocol.swift */; };
		BD9FF76D276FA304002A4FA0 /* PullRequestListTableView.swift in Sources */ = {isa = PBXBuildFile; fileRef = BD9FF76C276FA304002A4FA0 /* PullRequestListTableView.swift */; };
		BD9FF775276FA336002A4FA0 /* PullRequestListTableViewDelegate.swift in Sources */ = {isa = PBXBuildFile; fileRef = BD9FF774276FA336002A4FA0 /* PullRequestListTableViewDelegate.swift */; };
		BD9FF77C276FA394002A4FA0 /* PullRequestListTableViewCell.swift in Sources */ = {isa = PBXBuildFile; fileRef = BD9FF77B276FA394002A4FA0 /* PullRequestListTableViewCell.swift */; };
		BD9FF782276FA3A8002A4FA0 /* PullRequestListTableViewCellViewModel.swift in Sources */ = {isa = PBXBuildFile; fileRef = BD9FF781276FA3A8002A4FA0 /* PullRequestListTableViewCellViewModel.swift */; };
		BD9FF786276FA80C002A4FA0 /* PullRequestListView.swift in Sources */ = {isa = PBXBuildFile; fileRef = BD9FF785276FA80C002A4FA0 /* PullRequestListView.swift */; };
		BD9FF78A276FA8BB002A4FA0 /* PullRequestListViewController.swift in Sources */ = {isa = PBXBuildFile; fileRef = BD9FF789276FA8BB002A4FA0 /* PullRequestListViewController.swift */; };
		BD9FF78F276FAB15002A4FA0 /* RepositoryCoordinatorEvents.swift in Sources */ = {isa = PBXBuildFile; fileRef = BD9FF78E276FAB15002A4FA0 /* RepositoryCoordinatorEvents.swift */; };
		BD9FF7A9276FBE0D002A4FA0 /* PullRequestPageViewController.swift in Sources */ = {isa = PBXBuildFile; fileRef = BD9FF7A8276FBE0D002A4FA0 /* PullRequestPageViewController.swift */; };
		E921F1E3A9D22B09D55D7F08 /* Pods_Repository.framework in Frameworks */ = {isa = PBXBuildFile; fileRef = 8FE48E846E57D7F6B398CA7F /* Pods_Repository.framework */; };
/* End PBXBuildFile section */

/* Begin PBXContainerItemProxy section */
		BD8F9B94276F68B4002BD084 /* PBXContainerItemProxy */ = {
			isa = PBXContainerItemProxy;
			containerPortal = BD8F9B80276F68B4002BD084 /* Project object */;
			proxyType = 1;
			remoteGlobalIDString = BD8F9B88276F68B4002BD084;
			remoteInfo = Repository;
		};
/* End PBXContainerItemProxy section */

/* Begin PBXFileReference section */
		079AF712079EFE21E966F206 /* Pods-Repository.debug.xcconfig */ = {isa = PBXFileReference; includeInIndex = 1; lastKnownFileType = text.xcconfig; name = "Pods-Repository.debug.xcconfig"; path = "Target Support Files/Pods-Repository/Pods-Repository.debug.xcconfig"; sourceTree = "<group>"; };
		2C229B0F0B015C1920AF7F8D /* Pods-Repository.release.xcconfig */ = {isa = PBXFileReference; includeInIndex = 1; lastKnownFileType = text.xcconfig; name = "Pods-Repository.release.xcconfig"; path = "Target Support Files/Pods-Repository/Pods-Repository.release.xcconfig"; sourceTree = "<group>"; };
		8FE48E846E57D7F6B398CA7F /* Pods_Repository.framework */ = {isa = PBXFileReference; explicitFileType = wrapper.framework; includeInIndex = 0; path = Pods_Repository.framework; sourceTree = BUILT_PRODUCTS_DIR; };
		95527800260A389B6833B127 /* Pods-RepositoryTests.release.xcconfig */ = {isa = PBXFileReference; includeInIndex = 1; lastKnownFileType = text.xcconfig; name = "Pods-RepositoryTests.release.xcconfig"; path = "Target Support Files/Pods-RepositoryTests/Pods-RepositoryTests.release.xcconfig"; sourceTree = "<group>"; };
		B94FFACC99D9CE9706E3CCD9 /* Pods_RepositoryTests.framework */ = {isa = PBXFileReference; explicitFileType = wrapper.framework; includeInIndex = 0; path = Pods_RepositoryTests.framework; sourceTree = BUILT_PRODUCTS_DIR; };
		BD8F9B89276F68B4002BD084 /* Repository.framework */ = {isa = PBXFileReference; explicitFileType = wrapper.framework; includeInIndex = 0; path = Repository.framework; sourceTree = BUILT_PRODUCTS_DIR; };
		BD8F9B8C276F68B4002BD084 /* Repository.h */ = {isa = PBXFileReference; lastKnownFileType = sourcecode.c.h; path = Repository.h; sourceTree = "<group>"; };
		BD8F9B8D276F68B4002BD084 /* Info.plist */ = {isa = PBXFileReference; lastKnownFileType = text.plist.xml; path = Info.plist; sourceTree = "<group>"; };
		BD8F9B92276F68B4002BD084 /* RepositoryTests.xctest */ = {isa = PBXFileReference; explicitFileType = wrapper.cfbundle; includeInIndex = 0; path = RepositoryTests.xctest; sourceTree = BUILT_PRODUCTS_DIR; };
		BD8F9B99276F68B4002BD084 /* Info.plist */ = {isa = PBXFileReference; lastKnownFileType = text.plist.xml; path = Info.plist; sourceTree = "<group>"; };
		BD8F9BC2276F6A46002BD084 /* Repository.strings */ = {isa = PBXFileReference; lastKnownFileType = text.plist.strings; path = Repository.strings; sourceTree = "<group>"; };
		BD8F9BC9276F6A72002BD084 /* RepositoryStringConstants.swift */ = {isa = PBXFileReference; fileEncoding = 4; lastKnownFileType = sourcecode.swift; path = RepositoryStringConstants.swift; sourceTree = "<group>"; };
		BD8F9BFF276F6C86002BD084 /* RepositoryRequest.swift */ = {isa = PBXFileReference; lastKnownFileType = sourcecode.swift; path = RepositoryRequest.swift; sourceTree = "<group>"; };
		BD8F9C05276F6C93002BD084 /* Core.framework */ = {isa = PBXFileReference; explicitFileType = wrapper.framework; path = Core.framework; sourceTree = BUILT_PRODUCTS_DIR; };
		BD8F9C0A276F6C99002BD084 /* MobileChallengeUI.framework */ = {isa = PBXFileReference; explicitFileType = wrapper.framework; path = MobileChallengeUI.framework; sourceTree = BUILT_PRODUCTS_DIR; };
		BD8F9C12276F6F18002BD084 /* RepositoryRequestTests.swift */ = {isa = PBXFileReference; lastKnownFileType = sourcecode.swift; path = RepositoryRequestTests.swift; sourceTree = "<group>"; };
		BD9FF700276F74D9002A4FA0 /* RepositoyListResponse.swift */ = {isa = PBXFileReference; lastKnownFileType = sourcecode.swift; path = RepositoyListResponse.swift; sourceTree = "<group>"; };
		BD9FF704276F7723002A4FA0 /* RepositoryService.swift */ = {isa = PBXFileReference; lastKnownFileType = sourcecode.swift; path = RepositoryService.swift; sourceTree = "<group>"; };
		BD9FF709276F78BA002A4FA0 /* RepositoryServiceProtocol.swift */ = {isa = PBXFileReference; lastKnownFileType = sourcecode.swift; path = RepositoryServiceProtocol.swift; sourceTree = "<group>"; };
		BD9FF714276F7966002A4FA0 /* RepositoryListView.swift */ = {isa = PBXFileReference; lastKnownFileType = sourcecode.swift; path = RepositoryListView.swift; sourceTree = "<group>"; };
		BD9FF71B276F7BC1002A4FA0 /* RepositoryListProvider.swift */ = {isa = PBXFileReference; lastKnownFileType = sourcecode.swift; path = RepositoryListProvider.swift; sourceTree = "<group>"; };
		BD9FF721276F7C07002A4FA0 /* RepositoryListProviderProtocol.swift */ = {isa = PBXFileReference; lastKnownFileType = sourcecode.swift; path = RepositoryListProviderProtocol.swift; sourceTree = "<group>"; };
		BD9FF725276F7C94002A4FA0 /* RepositoryListState.swift */ = {isa = PBXFileReference; lastKnownFileType = sourcecode.swift; path = RepositoryListState.swift; sourceTree = "<group>"; };
		BD9FF72E276F7F0B002A4FA0 /* RepositoryListViewController.swift */ = {isa = PBXFileReference; lastKnownFileType = sourcecode.swift; path = RepositoryListViewController.swift; sourceTree = "<group>"; };
		BD9FF733276F8529002A4FA0 /* RepositoryCoordinator.swift */ = {isa = PBXFileReference; lastKnownFileType = sourcecode.swift; path = RepositoryCoordinator.swift; sourceTree = "<group>"; };
		BD9FF754276F9E82002A4FA0 /* PullRequestCredentials.swift */ = {isa = PBXFileReference; lastKnownFileType = sourcecode.swift; path = PullRequestCredentials.swift; sourceTree = "<group>"; };
		BD9FF75A276F9FCB002A4FA0 /* PullRequestListResponse.swift */ = {isa = PBXFileReference; lastKnownFileType = sourcecode.swift; path = PullRequestListResponse.swift; sourceTree = "<group>"; };
		BD9FF761276FA188002A4FA0 /* PullRequestListProvider.swift */ = {isa = PBXFileReference; lastKnownFileType = sourcecode.swift; path = PullRequestListProvider.swift; sourceTree = "<group>"; };
		BD9FF767276FA1B8002A4FA0 /* PullRequestListProviderProtocol.swift */ = {isa = PBXFileReference; lastKnownFileType = sourcecode.swift; path = PullRequestListProviderProtocol.swift; sourceTree = "<group>"; };
		BD9FF76C276FA304002A4FA0 /* PullRequestListTableView.swift */ = {isa = PBXFileReference; lastKnownFileType = sourcecode.swift; path = PullRequestListTableView.swift; sourceTree = "<group>"; };
		BD9FF774276FA336002A4FA0 /* PullRequestListTableViewDelegate.swift */ = {isa = PBXFileReference; lastKnownFileType = sourcecode.swift; path = PullRequestListTableViewDelegate.swift; sourceTree = "<group>"; };
		BD9FF77B276FA394002A4FA0 /* PullRequestListTableViewCell.swift */ = {isa = PBXFileReference; lastKnownFileType = sourcecode.swift; path = PullRequestListTableViewCell.swift; sourceTree = "<group>"; };
		BD9FF781276FA3A8002A4FA0 /* PullRequestListTableViewCellViewModel.swift */ = {isa = PBXFileReference; lastKnownFileType = sourcecode.swift; path = PullRequestListTableViewCellViewModel.swift; sourceTree = "<group>"; };
		BD9FF785276FA80C002A4FA0 /* PullRequestListView.swift */ = {isa = PBXFileReference; lastKnownFileType = sourcecode.swift; path = PullRequestListView.swift; sourceTree = "<group>"; };
		BD9FF789276FA8BB002A4FA0 /* PullRequestListViewController.swift */ = {isa = PBXFileReference; lastKnownFileType = sourcecode.swift; path = PullRequestListViewController.swift; sourceTree = "<group>"; };
		BD9FF78E276FAB15002A4FA0 /* RepositoryCoordinatorEvents.swift */ = {isa = PBXFileReference; lastKnownFileType = sourcecode.swift; path = RepositoryCoordinatorEvents.swift; sourceTree = "<group>"; };
		BD9FF7A8276FBE0D002A4FA0 /* PullRequestPageViewController.swift */ = {isa = PBXFileReference; lastKnownFileType = sourcecode.swift; path = PullRequestPageViewController.swift; sourceTree = "<group>"; };
		DBA6995437CC3BF47247039D /* Pods-RepositoryTests.debug.xcconfig */ = {isa = PBXFileReference; includeInIndex = 1; lastKnownFileType = text.xcconfig; name = "Pods-RepositoryTests.debug.xcconfig"; path = "Target Support Files/Pods-RepositoryTests/Pods-RepositoryTests.debug.xcconfig"; sourceTree = "<group>"; };
/* End PBXFileReference section */

/* Begin PBXFrameworksBuildPhase section */
		BD8F9B86276F68B4002BD084 /* Frameworks */ = {
			isa = PBXFrameworksBuildPhase;
			buildActionMask = 2147483647;
			files = (
				E921F1E3A9D22B09D55D7F08 /* Pods_Repository.framework in Frameworks */,
				BD8F9C0B276F6C99002BD084 /* MobileChallengeUI.framework in Frameworks */,
				BD8F9C06276F6C93002BD084 /* Core.framework in Frameworks */,
			);
			runOnlyForDeploymentPostprocessing = 0;
		};
		BD8F9B8F276F68B4002BD084 /* Frameworks */ = {
			isa = PBXFrameworksBuildPhase;
			buildActionMask = 2147483647;
			files = (
				BD8F9B93276F68B4002BD084 /* Repository.framework in Frameworks */,
				ABBDEB5983BC0A09AA662697 /* Pods_RepositoryTests.framework in Frameworks */,
			);
			runOnlyForDeploymentPostprocessing = 0;
		};
/* End PBXFrameworksBuildPhase section */

/* Begin PBXGroup section */
		24156D0B7FE7E2C352E7691E /* Frameworks */ = {
			isa = PBXGroup;
			children = (
				BD8F9C0A276F6C99002BD084 /* MobileChallengeUI.framework */,
				BD8F9C05276F6C93002BD084 /* Core.framework */,
				8FE48E846E57D7F6B398CA7F /* Pods_Repository.framework */,
				B94FFACC99D9CE9706E3CCD9 /* Pods_RepositoryTests.framework */,
			);
			name = Frameworks;
			sourceTree = "<group>";
		};
		615A1D39F260A25381BDBC41 /* Pods */ = {
			isa = PBXGroup;
			children = (
				079AF712079EFE21E966F206 /* Pods-Repository.debug.xcconfig */,
				2C229B0F0B015C1920AF7F8D /* Pods-Repository.release.xcconfig */,
				DBA6995437CC3BF47247039D /* Pods-RepositoryTests.debug.xcconfig */,
				95527800260A389B6833B127 /* Pods-RepositoryTests.release.xcconfig */,
			);
			name = Pods;
			path = ../Pods;
			sourceTree = "<group>";
		};
		BD8F9B7F276F68B4002BD084 = {
			isa = PBXGroup;
			children = (
				BD8F9B8B276F68B4002BD084 /* Repository */,
				BD8F9B96276F68B4002BD084 /* RepositoryTests */,
				BD8F9B8A276F68B4002BD084 /* Products */,
				615A1D39F260A25381BDBC41 /* Pods */,
				24156D0B7FE7E2C352E7691E /* Frameworks */,
			);
			sourceTree = "<group>";
		};
		BD8F9B8A276F68B4002BD084 /* Products */ = {
			isa = PBXGroup;
			children = (
				BD8F9B89276F68B4002BD084 /* Repository.framework */,
				BD8F9B92276F68B4002BD084 /* RepositoryTests.xctest */,
			);
			name = Products;
			sourceTree = "<group>";
		};
		BD8F9B8B276F68B4002BD084 /* Repository */ = {
			isa = PBXGroup;
			children = (
				BD9FF732276F8518002A4FA0 /* Coordinator */,
				BD8F9BC1276F6A2E002BD084 /* Resources */,
				BD8F9BF8276F6BF9002BD084 /* Screens */,
				BD8F9BF9276F6C15002BD084 /* Service */,
				BD8F9BC0276F6A29002BD084 /* StringConstants */,
				BD8F9B8C276F68B4002BD084 /* Repository.h */,
				BD8F9B8D276F68B4002BD084 /* Info.plist */,
			);
			path = Repository;
			sourceTree = "<group>";
		};
		BD8F9B96276F68B4002BD084 /* RepositoryTests */ = {
			isa = PBXGroup;
			children = (
				BD8F9C10276F6F03002BD084 /* Service */,
				BD8F9B99276F68B4002BD084 /* Info.plist */,
			);
			path = RepositoryTests;
			sourceTree = "<group>";
		};
		BD8F9BC0276F6A29002BD084 /* StringConstants */ = {
			isa = PBXGroup;
			children = (
				BD8F9BC2276F6A46002BD084 /* Repository.strings */,
			);
			path = StringConstants;
			sourceTree = "<group>";
		};
		BD8F9BC1276F6A2E002BD084 /* Resources */ = {
			isa = PBXGroup;
			children = (
				BD8F9BC9276F6A72002BD084 /* RepositoryStringConstants.swift */,
			);
			path = Resources;
			sourceTree = "<group>";
		};
		BD8F9BF8276F6BF9002BD084 /* Screens */ = {
			isa = PBXGroup;
			children = (
				BD9FF74E276F99D3002A4FA0 /* PullRequestList */,
				BD9FF7A6276FBDF5002A4FA0 /* PullRequestPage */,
				BD9FF70F276F78F7002A4FA0 /* RepositoryList */,
			);
			path = Screens;
			sourceTree = "<group>";
		};
		BD8F9BF9276F6C15002BD084 /* Service */ = {
			isa = PBXGroup;
			children = (
				BD9FF708276F78AD002A4FA0 /* Abstraction */,
				BD9FF6FF276F74C7002A4FA0 /* Model */,
				BD8F9BFE276F6C73002BD084 /* Request */,
				BD9FF704276F7723002A4FA0 /* RepositoryService.swift */,
			);
			path = Service;
			sourceTree = "<group>";
		};
		BD8F9BFE276F6C73002BD084 /* Request */ = {
			isa = PBXGroup;
			children = (
				BD8F9BFF276F6C86002BD084 /* RepositoryRequest.swift */,
			);
			path = Request;
			sourceTree = "<group>";
		};
		BD8F9C10276F6F03002BD084 /* Service */ = {
			isa = PBXGroup;
			children = (
				BD8F9C11276F6F0A002BD084 /* Request */,
			);
			path = Service;
			sourceTree = "<group>";
		};
		BD8F9C11276F6F0A002BD084 /* Request */ = {
			isa = PBXGroup;
			children = (
				BD8F9C12276F6F18002BD084 /* RepositoryRequestTests.swift */,
			);
			path = Request;
			sourceTree = "<group>";
		};
		BD9FF6FF276F74C7002A4FA0 /* Model */ = {
			isa = PBXGroup;
			children = (
				BD9FF754276F9E82002A4FA0 /* PullRequestCredentials.swift */,
				BD9FF75A276F9FCB002A4FA0 /* PullRequestListResponse.swift */,
				BD9FF700276F74D9002A4FA0 /* RepositoyListResponse.swift */,
			);
			path = Model;
			sourceTree = "<group>";
		};
		BD9FF708276F78AD002A4FA0 /* Abstraction */ = {
			isa = PBXGroup;
			children = (
				BD9FF709276F78BA002A4FA0 /* RepositoryServiceProtocol.swift */,
			);
			path = Abstraction;
			sourceTree = "<group>";
		};
		BD9FF70F276F78F7002A4FA0 /* RepositoryList */ = {
			isa = PBXGroup;
			children = (
				BD9FF713276F7950002A4FA0 /* Controller */,
				BD9FF711276F7931002A4FA0 /* Provider */,
				BD9FF712276F793E002A4FA0 /* State */,
				BD9FF710276F792B002A4FA0 /* View */,
			);
			path = RepositoryList;
			sourceTree = "<group>";
		};
		BD9FF710276F792B002A4FA0 /* View */ = {
			isa = PBXGroup;
			children = (
				BD9FF714276F7966002A4FA0 /* RepositoryListView.swift */,
			);
			path = View;
			sourceTree = "<group>";
		};
		BD9FF711276F7931002A4FA0 /* Provider */ = {
			isa = PBXGroup;
			children = (
				BD9FF71A276F7BB3002A4FA0 /* Abstraction */,
				BD9FF71B276F7BC1002A4FA0 /* RepositoryListProvider.swift */,
			);
			path = Provider;
			sourceTree = "<group>";
		};
		BD9FF712276F793E002A4FA0 /* State */ = {
			isa = PBXGroup;
			children = (
				BD9FF725276F7C94002A4FA0 /* RepositoryListState.swift */,
			);
			path = State;
			sourceTree = "<group>";
		};
		BD9FF713276F7950002A4FA0 /* Controller */ = {
			isa = PBXGroup;
			children = (
				BD9FF72E276F7F0B002A4FA0 /* RepositoryListViewController.swift */,
			);
			path = Controller;
			sourceTree = "<group>";
		};
		BD9FF71A276F7BB3002A4FA0 /* Abstraction */ = {
			isa = PBXGroup;
			children = (
				BD9FF721276F7C07002A4FA0 /* RepositoryListProviderProtocol.swift */,
			);
			path = Abstraction;
			sourceTree = "<group>";
		};
		BD9FF732276F8518002A4FA0 /* Coordinator */ = {
			isa = PBXGroup;
			children = (
				BD9FF78D276FAB04002A4FA0 /* Events */,
				BD9FF733276F8529002A4FA0 /* RepositoryCoordinator.swift */,
			);
			path = Coordinator;
			sourceTree = "<group>";
		};
		BD9FF74E276F99D3002A4FA0 /* PullRequestList */ = {
			isa = PBXGroup;
			children = (
				BD9FF751276F99EA002A4FA0 /* Controller */,
				BD9FF750276F99E5002A4FA0 /* Provider */,
				BD9FF74F276F99DF002A4FA0 /* View */,
			);
			path = PullRequestList;
			sourceTree = "<group>";
		};
		BD9FF74F276F99DF002A4FA0 /* View */ = {
			isa = PBXGroup;
			children = (
				BD9FF76B276FA2EF002A4FA0 /* Subviews */,
				BD9FF785276FA80C002A4FA0 /* PullRequestListView.swift */,
			);
			path = View;
			sourceTree = "<group>";
		};
		BD9FF750276F99E5002A4FA0 /* Provider */ = {
			isa = PBXGroup;
			children = (
				BD9FF760276FA17A002A4FA0 /* Abstraction */,
				BD9FF761276FA188002A4FA0 /* PullRequestListProvider.swift */,
			);
			path = Provider;
			sourceTree = "<group>";
		};
		BD9FF751276F99EA002A4FA0 /* Controller */ = {
			isa = PBXGroup;
			children = (
				BD9FF789276FA8BB002A4FA0 /* PullRequestListViewController.swift */,
			);
			path = Controller;
			sourceTree = "<group>";
		};
		BD9FF760276FA17A002A4FA0 /* Abstraction */ = {
			isa = PBXGroup;
			children = (
				BD9FF767276FA1B8002A4FA0 /* PullRequestListProviderProtocol.swift */,
			);
			path = Abstraction;
			sourceTree = "<group>";
		};
		BD9FF76B276FA2EF002A4FA0 /* Subviews */ = {
			isa = PBXGroup;
			children = (
				BD9FF773276FA31C002A4FA0 /* Cell */,
				BD9FF772276FA317002A4FA0 /* Delegate */,
				BD9FF76C276FA304002A4FA0 /* PullRequestListTableView.swift */,
			);
			path = Subviews;
			sourceTree = "<group>";
		};
		BD9FF772276FA317002A4FA0 /* Delegate */ = {
			isa = PBXGroup;
			children = (
				BD9FF774276FA336002A4FA0 /* PullRequestListTableViewDelegate.swift */,
			);
			path = Delegate;
			sourceTree = "<group>";
		};
		BD9FF773276FA31C002A4FA0 /* Cell */ = {
			isa = PBXGroup;
			children = (
				BD9FF77A276FA383002A4FA0 /* ViewModel */,
				BD9FF77B276FA394002A4FA0 /* PullRequestListTableViewCell.swift */,
			);
			path = Cell;
			sourceTree = "<group>";
		};
		BD9FF77A276FA383002A4FA0 /* ViewModel */ = {
			isa = PBXGroup;
			children = (
				BD9FF781276FA3A8002A4FA0 /* PullRequestListTableViewCellViewModel.swift */,
			);
			path = ViewModel;
			sourceTree = "<group>";
		};
		BD9FF78D276FAB04002A4FA0 /* Events */ = {
			isa = PBXGroup;
			children = (
				BD9FF78E276FAB15002A4FA0 /* RepositoryCoordinatorEvents.swift */,
			);
			path = Events;
			sourceTree = "<group>";
		};
		BD9FF7A6276FBDF5002A4FA0 /* PullRequestPage */ = {
			isa = PBXGroup;
			children = (
				BD9FF7A7276FBDFF002A4FA0 /* Controller */,
			);
			path = PullRequestPage;
			sourceTree = "<group>";
		};
		BD9FF7A7276FBDFF002A4FA0 /* Controller */ = {
			isa = PBXGroup;
			children = (
				BD9FF7A8276FBE0D002A4FA0 /* PullRequestPageViewController.swift */,
			);
			path = Controller;
			sourceTree = "<group>";
		};
/* End PBXGroup section */

/* Begin PBXHeadersBuildPhase section */
		BD8F9B84276F68B4002BD084 /* Headers */ = {
			isa = PBXHeadersBuildPhase;
			buildActionMask = 2147483647;
			files = (
				BD8F9B9A276F68B4002BD084 /* Repository.h in Headers */,
			);
			runOnlyForDeploymentPostprocessing = 0;
		};
/* End PBXHeadersBuildPhase section */

/* Begin PBXNativeTarget section */
		BD8F9B88276F68B4002BD084 /* Repository */ = {
			isa = PBXNativeTarget;
			buildConfigurationList = BD8F9B9D276F68B4002BD084 /* Build configuration list for PBXNativeTarget "Repository" */;
			buildPhases = (
				91078455D24B57BE54D22C89 /* [CP] Check Pods Manifest.lock */,
				BD8F9B84276F68B4002BD084 /* Headers */,
				BD8F9B85276F68B4002BD084 /* Sources */,
				BD8F9B86276F68B4002BD084 /* Frameworks */,
				BD8F9B87276F68B4002BD084 /* Resources */,
				BD8F9BC6276F6A5E002BD084 /* Swift Gen */,
			);
			buildRules = (
			);
			dependencies = (
			);
			name = Repository;
			productName = Repository;
			productReference = BD8F9B89276F68B4002BD084 /* Repository.framework */;
			productType = "com.apple.product-type.framework";
		};
		BD8F9B91276F68B4002BD084 /* RepositoryTests */ = {
			isa = PBXNativeTarget;
			buildConfigurationList = BD8F9BA0276F68B4002BD084 /* Build configuration list for PBXNativeTarget "RepositoryTests" */;
			buildPhases = (
				FE0EF28C6EDFF64F9471EDBD /* [CP] Check Pods Manifest.lock */,
				BD8F9B8E276F68B4002BD084 /* Sources */,
				BD8F9B8F276F68B4002BD084 /* Frameworks */,
				BD8F9B90276F68B4002BD084 /* Resources */,
				D49408D12F60DA02591ACC16 /* [CP] Embed Pods Frameworks */,
			);
			buildRules = (
			);
			dependencies = (
				BD8F9B95276F68B4002BD084 /* PBXTargetDependency */,
			);
			name = RepositoryTests;
			productName = RepositoryTests;
			productReference = BD8F9B92276F68B4002BD084 /* RepositoryTests.xctest */;
			productType = "com.apple.product-type.bundle.unit-test";
		};
/* End PBXNativeTarget section */

/* Begin PBXProject section */
		BD8F9B80276F68B4002BD084 /* Project object */ = {
			isa = PBXProject;
			attributes = {
				LastSwiftUpdateCheck = 1240;
				LastUpgradeCheck = 1240;
				TargetAttributes = {
					BD8F9B88276F68B4002BD084 = {
						CreatedOnToolsVersion = 12.4;
						LastSwiftMigration = 1240;
					};
					BD8F9B91276F68B4002BD084 = {
						CreatedOnToolsVersion = 12.4;
					};
				};
			};
			buildConfigurationList = BD8F9B83276F68B4002BD084 /* Build configuration list for PBXProject "Repository" */;
			compatibilityVersion = "Xcode 9.3";
			developmentRegion = en;
			hasScannedForEncodings = 0;
			knownRegions = (
				en,
				Base,
			);
			mainGroup = BD8F9B7F276F68B4002BD084;
			productRefGroup = BD8F9B8A276F68B4002BD084 /* Products */;
			projectDirPath = "";
			projectRoot = "";
			targets = (
				BD8F9B88276F68B4002BD084 /* Repository */,
				BD8F9B91276F68B4002BD084 /* RepositoryTests */,
			);
		};
/* End PBXProject section */

/* Begin PBXResourcesBuildPhase section */
		BD8F9B87276F68B4002BD084 /* Resources */ = {
			isa = PBXResourcesBuildPhase;
			buildActionMask = 2147483647;
			files = (
				BD8F9BC3276F6A46002BD084 /* Repository.strings in Resources */,
			);
			runOnlyForDeploymentPostprocessing = 0;
		};
		BD8F9B90276F68B4002BD084 /* Resources */ = {
			isa = PBXResourcesBuildPhase;
			buildActionMask = 2147483647;
			files = (
			);
			runOnlyForDeploymentPostprocessing = 0;
		};
/* End PBXResourcesBuildPhase section */

/* Begin PBXShellScriptBuildPhase section */
		91078455D24B57BE54D22C89 /* [CP] Check Pods Manifest.lock */ = {
			isa = PBXShellScriptBuildPhase;
			buildActionMask = 2147483647;
			files = (
			);
			inputFileListPaths = (
			);
			inputPaths = (
				"${PODS_PODFILE_DIR_PATH}/Podfile.lock",
				"${PODS_ROOT}/Manifest.lock",
			);
			name = "[CP] Check Pods Manifest.lock";
			outputFileListPaths = (
			);
			outputPaths = (
				"$(DERIVED_FILE_DIR)/Pods-Repository-checkManifestLockResult.txt",
			);
			runOnlyForDeploymentPostprocessing = 0;
			shellPath = /bin/sh;
			shellScript = "diff \"${PODS_PODFILE_DIR_PATH}/Podfile.lock\" \"${PODS_ROOT}/Manifest.lock\" > /dev/null\nif [ $? != 0 ] ; then\n    # print error to STDERR\n    echo \"error: The sandbox is not in sync with the Podfile.lock. Run 'pod install' or update your CocoaPods installation.\" >&2\n    exit 1\nfi\n# This output is used by Xcode 'outputs' to avoid re-running this script phase.\necho \"SUCCESS\" > \"${SCRIPT_OUTPUT_FILE_0}\"\n";
			showEnvVarsInLog = 0;
		};
		BD8F9BC6276F6A5E002BD084 /* Swift Gen */ = {
			isa = PBXShellScriptBuildPhase;
			buildActionMask = 2147483647;
			files = (
			);
			inputFileListPaths = (
			);
			inputPaths = (
			);
			name = "Swift Gen";
			outputFileListPaths = (
			);
			outputPaths = (
			);
			runOnlyForDeploymentPostprocessing = 0;
			shellPath = /bin/sh;
			shellScript = "# Type a script or drag a script file from your workspace to insert its path.\n$PODS_ROOT/SwiftGen/bin/swiftgen\n";
		};
		D49408D12F60DA02591ACC16 /* [CP] Embed Pods Frameworks */ = {
			isa = PBXShellScriptBuildPhase;
			buildActionMask = 2147483647;
			files = (
			);
			inputFileListPaths = (
				"${PODS_ROOT}/Target Support Files/Pods-RepositoryTests/Pods-RepositoryTests-frameworks-${CONFIGURATION}-input-files.xcfilelist",
			);
			name = "[CP] Embed Pods Frameworks";
			outputFileListPaths = (
				"${PODS_ROOT}/Target Support Files/Pods-RepositoryTests/Pods-RepositoryTests-frameworks-${CONFIGURATION}-output-files.xcfilelist",
			);
			runOnlyForDeploymentPostprocessing = 0;
			shellPath = /bin/sh;
			shellScript = "\"${PODS_ROOT}/Target Support Files/Pods-RepositoryTests/Pods-RepositoryTests-frameworks.sh\"\n";
			showEnvVarsInLog = 0;
		};
		FE0EF28C6EDFF64F9471EDBD /* [CP] Check Pods Manifest.lock */ = {
			isa = PBXShellScriptBuildPhase;
			buildActionMask = 2147483647;
			files = (
			);
			inputFileListPaths = (
			);
			inputPaths = (
				"${PODS_PODFILE_DIR_PATH}/Podfile.lock",
				"${PODS_ROOT}/Manifest.lock",
			);
			name = "[CP] Check Pods Manifest.lock";
			outputFileListPaths = (
			);
			outputPaths = (
				"$(DERIVED_FILE_DIR)/Pods-RepositoryTests-checkManifestLockResult.txt",
			);
			runOnlyForDeploymentPostprocessing = 0;
			shellPath = /bin/sh;
			shellScript = "diff \"${PODS_PODFILE_DIR_PATH}/Podfile.lock\" \"${PODS_ROOT}/Manifest.lock\" > /dev/null\nif [ $? != 0 ] ; then\n    # print error to STDERR\n    echo \"error: The sandbox is not in sync with the Podfile.lock. Run 'pod install' or update your CocoaPods installation.\" >&2\n    exit 1\nfi\n# This output is used by Xcode 'outputs' to avoid re-running this script phase.\necho \"SUCCESS\" > \"${SCRIPT_OUTPUT_FILE_0}\"\n";
			showEnvVarsInLog = 0;
		};
/* End PBXShellScriptBuildPhase section */

/* Begin PBXSourcesBuildPhase section */
		BD8F9B85276F68B4002BD084 /* Sources */ = {
			isa = PBXSourcesBuildPhase;
			buildActionMask = 2147483647;
			files = (
				BD9FF722276F7C07002A4FA0 /* RepositoryListProviderProtocol.swift in Sources */,
				BD9FF78A276FA8BB002A4FA0 /* PullRequestListViewController.swift in Sources */,
				BD9FF762276FA188002A4FA0 /* PullRequestListProvider.swift in Sources */,
				BD9FF782276FA3A8002A4FA0 /* PullRequestListTableViewCellViewModel.swift in Sources */,
				BD9FF715276F7966002A4FA0 /* RepositoryListView.swift in Sources */,
				BD9FF78F276FAB15002A4FA0 /* RepositoryCoordinatorEvents.swift in Sources */,
				BD9FF734276F8529002A4FA0 /* RepositoryCoordinator.swift in Sources */,
				BD9FF77C276FA394002A4FA0 /* PullRequestListTableViewCell.swift in Sources */,
				BD9FF775276FA336002A4FA0 /* PullRequestListTableViewDelegate.swift in Sources */,
				BD9FF755276F9E82002A4FA0 /* PullRequestCredentials.swift in Sources */,
				BD9FF75B276F9FCB002A4FA0 /* PullRequestListResponse.swift in Sources */,
				BD8F9BCA276F6A72002BD084 /* RepositoryStringConstants.swift in Sources */,
				BD9FF701276F74D9002A4FA0 /* RepositoyListResponse.swift in Sources */,
				BD9FF72F276F7F0B002A4FA0 /* RepositoryListViewController.swift in Sources */,
				BD9FF726276F7C94002A4FA0 /* RepositoryListState.swift in Sources */,
				BD9FF786276FA80C002A4FA0 /* PullRequestListView.swift in Sources */,
				BD8F9C00276F6C86002BD084 /* RepositoryRequest.swift in Sources */,
				BD9FF705276F7723002A4FA0 /* RepositoryService.swift in Sources */,
				BD9FF768276FA1B8002A4FA0 /* PullRequestListProviderProtocol.swift in Sources */,
				BD9FF70A276F78BA002A4FA0 /* RepositoryServiceProtocol.swift in Sources */,
				BD9FF76D276FA304002A4FA0 /* PullRequestListTableView.swift in Sources */,
				BD9FF71C276F7BC1002A4FA0 /* RepositoryListProvider.swift in Sources */,
				BD9FF7A9276FBE0D002A4FA0 /* PullRequestPageViewController.swift in Sources */,
			);
			runOnlyForDeploymentPostprocessing = 0;
		};
		BD8F9B8E276F68B4002BD084 /* Sources */ = {
			isa = PBXSourcesBuildPhase;
			buildActionMask = 2147483647;
			files = (
				BD8F9C13276F6F18002BD084 /* RepositoryRequestTests.swift in Sources */,
			);
			runOnlyForDeploymentPostprocessing = 0;
		};
/* End PBXSourcesBuildPhase section */

/* Begin PBXTargetDependency section */
		BD8F9B95276F68B4002BD084 /* PBXTargetDependency */ = {
			isa = PBXTargetDependency;
			target = BD8F9B88276F68B4002BD084 /* Repository */;
			targetProxy = BD8F9B94276F68B4002BD084 /* PBXContainerItemProxy */;
		};
/* End PBXTargetDependency section */

/* Begin XCBuildConfiguration section */
		BD8F9B9B276F68B4002BD084 /* Debug */ = {
			isa = XCBuildConfiguration;
			buildSettings = {
				ALWAYS_SEARCH_USER_PATHS = NO;
				CLANG_ANALYZER_NONNULL = YES;
				CLANG_ANALYZER_NUMBER_OBJECT_CONVERSION = YES_AGGRESSIVE;
				CLANG_CXX_LANGUAGE_STANDARD = "gnu++14";
				CLANG_CXX_LIBRARY = "libc++";
				CLANG_ENABLE_MODULES = YES;
				CLANG_ENABLE_OBJC_ARC = YES;
				CLANG_ENABLE_OBJC_WEAK = YES;
				CLANG_WARN_BLOCK_CAPTURE_AUTORELEASING = YES;
				CLANG_WARN_BOOL_CONVERSION = YES;
				CLANG_WARN_COMMA = YES;
				CLANG_WARN_CONSTANT_CONVERSION = YES;
				CLANG_WARN_DEPRECATED_OBJC_IMPLEMENTATIONS = YES;
				CLANG_WARN_DIRECT_OBJC_ISA_USAGE = YES_ERROR;
				CLANG_WARN_DOCUMENTATION_COMMENTS = YES;
				CLANG_WARN_EMPTY_BODY = YES;
				CLANG_WARN_ENUM_CONVERSION = YES;
				CLANG_WARN_INFINITE_RECURSION = YES;
				CLANG_WARN_INT_CONVERSION = YES;
				CLANG_WARN_NON_LITERAL_NULL_CONVERSION = YES;
				CLANG_WARN_OBJC_IMPLICIT_RETAIN_SELF = YES;
				CLANG_WARN_OBJC_LITERAL_CONVERSION = YES;
				CLANG_WARN_OBJC_ROOT_CLASS = YES_ERROR;
				CLANG_WARN_QUOTED_INCLUDE_IN_FRAMEWORK_HEADER = YES;
				CLANG_WARN_RANGE_LOOP_ANALYSIS = YES;
				CLANG_WARN_STRICT_PROTOTYPES = YES;
				CLANG_WARN_SUSPICIOUS_MOVE = YES;
				CLANG_WARN_UNGUARDED_AVAILABILITY = YES_AGGRESSIVE;
				CLANG_WARN_UNREACHABLE_CODE = YES;
				CLANG_WARN__DUPLICATE_METHOD_MATCH = YES;
				COPY_PHASE_STRIP = NO;
				CURRENT_PROJECT_VERSION = 1;
				DEBUG_INFORMATION_FORMAT = dwarf;
				ENABLE_BITCODE = NO;
				ENABLE_STRICT_OBJC_MSGSEND = YES;
				ENABLE_TESTABILITY = YES;
				GCC_C_LANGUAGE_STANDARD = gnu11;
				GCC_DYNAMIC_NO_PIC = NO;
				GCC_NO_COMMON_BLOCKS = YES;
				GCC_OPTIMIZATION_LEVEL = 0;
				GCC_PREPROCESSOR_DEFINITIONS = (
					"DEBUG=1",
					"$(inherited)",
				);
				GCC_WARN_64_TO_32_BIT_CONVERSION = YES;
				GCC_WARN_ABOUT_RETURN_TYPE = YES_ERROR;
				GCC_WARN_UNDECLARED_SELECTOR = YES;
				GCC_WARN_UNINITIALIZED_AUTOS = YES_AGGRESSIVE;
				GCC_WARN_UNUSED_FUNCTION = YES;
				GCC_WARN_UNUSED_VARIABLE = YES;
				IPHONEOS_DEPLOYMENT_TARGET = 14.4;
				MTL_ENABLE_DEBUG_INFO = INCLUDE_SOURCE;
				MTL_FAST_MATH = YES;
				ONLY_ACTIVE_ARCH = YES;
				SDKROOT = iphoneos;
				SWIFT_ACTIVE_COMPILATION_CONDITIONS = DEBUG;
				SWIFT_OPTIMIZATION_LEVEL = "-Onone";
				SWIFT_VERSION = 5.0;
				VERSIONING_SYSTEM = "apple-generic";
				VERSION_INFO_PREFIX = "";
			};
			name = Debug;
		};
		BD8F9B9C276F68B4002BD084 /* Release */ = {
			isa = XCBuildConfiguration;
			buildSettings = {
				ALWAYS_SEARCH_USER_PATHS = NO;
				CLANG_ANALYZER_NONNULL = YES;
				CLANG_ANALYZER_NUMBER_OBJECT_CONVERSION = YES_AGGRESSIVE;
				CLANG_CXX_LANGUAGE_STANDARD = "gnu++14";
				CLANG_CXX_LIBRARY = "libc++";
				CLANG_ENABLE_MODULES = YES;
				CLANG_ENABLE_OBJC_ARC = YES;
				CLANG_ENABLE_OBJC_WEAK = YES;
				CLANG_WARN_BLOCK_CAPTURE_AUTORELEASING = YES;
				CLANG_WARN_BOOL_CONVERSION = YES;
				CLANG_WARN_COMMA = YES;
				CLANG_WARN_CONSTANT_CONVERSION = YES;
				CLANG_WARN_DEPRECATED_OBJC_IMPLEMENTATIONS = YES;
				CLANG_WARN_DIRECT_OBJC_ISA_USAGE = YES_ERROR;
				CLANG_WARN_DOCUMENTATION_COMMENTS = YES;
				CLANG_WARN_EMPTY_BODY = YES;
				CLANG_WARN_ENUM_CONVERSION = YES;
				CLANG_WARN_INFINITE_RECURSION = YES;
				CLANG_WARN_INT_CONVERSION = YES;
				CLANG_WARN_NON_LITERAL_NULL_CONVERSION = YES;
				CLANG_WARN_OBJC_IMPLICIT_RETAIN_SELF = YES;
				CLANG_WARN_OBJC_LITERAL_CONVERSION = YES;
				CLANG_WARN_OBJC_ROOT_CLASS = YES_ERROR;
				CLANG_WARN_QUOTED_INCLUDE_IN_FRAMEWORK_HEADER = YES;
				CLANG_WARN_RANGE_LOOP_ANALYSIS = YES;
				CLANG_WARN_STRICT_PROTOTYPES = YES;
				CLANG_WARN_SUSPICIOUS_MOVE = YES;
				CLANG_WARN_UNGUARDED_AVAILABILITY = YES_AGGRESSIVE;
				CLANG_WARN_UNREACHABLE_CODE = YES;
				CLANG_WARN__DUPLICATE_METHOD_MATCH = YES;
				COPY_PHASE_STRIP = NO;
				CURRENT_PROJECT_VERSION = 1;
				DEBUG_INFORMATION_FORMAT = "dwarf-with-dsym";
				ENABLE_BITCODE = NO;
				ENABLE_NS_ASSERTIONS = NO;
				ENABLE_STRICT_OBJC_MSGSEND = YES;
				GCC_C_LANGUAGE_STANDARD = gnu11;
				GCC_NO_COMMON_BLOCKS = YES;
				GCC_WARN_64_TO_32_BIT_CONVERSION = YES;
				GCC_WARN_ABOUT_RETURN_TYPE = YES_ERROR;
				GCC_WARN_UNDECLARED_SELECTOR = YES;
				GCC_WARN_UNINITIALIZED_AUTOS = YES_AGGRESSIVE;
				GCC_WARN_UNUSED_FUNCTION = YES;
				GCC_WARN_UNUSED_VARIABLE = YES;
				IPHONEOS_DEPLOYMENT_TARGET = 14.4;
				MTL_ENABLE_DEBUG_INFO = NO;
				MTL_FAST_MATH = YES;
				SDKROOT = iphoneos;
				SWIFT_COMPILATION_MODE = wholemodule;
				SWIFT_OPTIMIZATION_LEVEL = "-O";
				SWIFT_VERSION = 5.0;
				VALIDATE_PRODUCT = YES;
				VERSIONING_SYSTEM = "apple-generic";
				VERSION_INFO_PREFIX = "";
			};
			name = Release;
		};
		BD8F9B9E276F68B4002BD084 /* Debug */ = {
			isa = XCBuildConfiguration;
			baseConfigurationReference = 079AF712079EFE21E966F206 /* Pods-Repository.debug.xcconfig */;
			buildSettings = {
				CLANG_ENABLE_MODULES = YES;
				CODE_SIGN_STYLE = Automatic;
				DEFINES_MODULE = YES;
				DYLIB_COMPATIBILITY_VERSION = 1;
				DYLIB_CURRENT_VERSION = 1;
				DYLIB_INSTALL_NAME_BASE = "@rpath";
				ENABLE_BITCODE = NO;
				INFOPLIST_FILE = Repository/Info.plist;
				INSTALL_PATH = "$(LOCAL_LIBRARY_DIR)/Frameworks";
				LD_RUNPATH_SEARCH_PATHS = (
					"$(inherited)",
					"@executable_path/Frameworks",
					"@loader_path/Frameworks",
				);
				PRODUCT_BUNDLE_IDENTIFIER = pedrohgsilveira.Repository;
				PRODUCT_NAME = "$(TARGET_NAME:c99extidentifier)";
				SKIP_INSTALL = YES;
				SWIFT_OPTIMIZATION_LEVEL = "-Onone";
				SWIFT_VERSION = 5.0;
				TARGETED_DEVICE_FAMILY = "1,2";
			};
			name = Debug;
		};
		BD8F9B9F276F68B4002BD084 /* Release */ = {
			isa = XCBuildConfiguration;
			baseConfigurationReference = 2C229B0F0B015C1920AF7F8D /* Pods-Repository.release.xcconfig */;
			buildSettings = {
				CLANG_ENABLE_MODULES = YES;
				CODE_SIGN_STYLE = Automatic;
				DEFINES_MODULE = YES;
				DYLIB_COMPATIBILITY_VERSION = 1;
				DYLIB_CURRENT_VERSION = 1;
				DYLIB_INSTALL_NAME_BASE = "@rpath";
				ENABLE_BITCODE = NO;
				INFOPLIST_FILE = Repository/Info.plist;
				INSTALL_PATH = "$(LOCAL_LIBRARY_DIR)/Frameworks";
				LD_RUNPATH_SEARCH_PATHS = (
					"$(inherited)",
					"@executable_path/Frameworks",
					"@loader_path/Frameworks",
				);
				PRODUCT_BUNDLE_IDENTIFIER = pedrohgsilveira.Repository;
				PRODUCT_NAME = "$(TARGET_NAME:c99extidentifier)";
				SKIP_INSTALL = YES;
				SWIFT_VERSION = 5.0;
				TARGETED_DEVICE_FAMILY = "1,2";
			};
			name = Release;
		};
		BD8F9BA1276F68B4002BD084 /* Debug */ = {
			isa = XCBuildConfiguration;
			baseConfigurationReference = DBA6995437CC3BF47247039D /* Pods-RepositoryTests.debug.xcconfig */;
			buildSettings = {
				ALWAYS_EMBED_SWIFT_STANDARD_LIBRARIES = YES;
				CODE_SIGN_STYLE = Automatic;
				INFOPLIST_FILE = RepositoryTests/Info.plist;
				LD_RUNPATH_SEARCH_PATHS = (
					"$(inherited)",
					"@executable_path/Frameworks",
					"@loader_path/Frameworks",
				);
				PRODUCT_BUNDLE_IDENTIFIER = pedrohgsilveira.RepositoryTests;
				PRODUCT_NAME = "$(TARGET_NAME)";
				SWIFT_VERSION = 5.0;
				TARGETED_DEVICE_FAMILY = "1,2";
			};
			name = Debug;
		};
		BD8F9BA2276F68B4002BD084 /* Release */ = {
			isa = XCBuildConfiguration;
			baseConfigurationReference = 95527800260A389B6833B127 /* Pods-RepositoryTests.release.xcconfig */;
			buildSettings = {
				ALWAYS_EMBED_SWIFT_STANDARD_LIBRARIES = YES;
				CODE_SIGN_STYLE = Automatic;
				INFOPLIST_FILE = RepositoryTests/Info.plist;
				LD_RUNPATH_SEARCH_PATHS = (
					"$(inherited)",
					"@executable_path/Frameworks",
					"@loader_path/Frameworks",
				);
				PRODUCT_BUNDLE_IDENTIFIER = pedrohgsilveira.RepositoryTests;
				PRODUCT_NAME = "$(TARGET_NAME)";
				SWIFT_VERSION = 5.0;
				TARGETED_DEVICE_FAMILY = "1,2";
			};
			name = Release;
		};
/* End XCBuildConfiguration section */

/* Begin XCConfigurationList section */
		BD8F9B83276F68B4002BD084 /* Build configuration list for PBXProject "Repository" */ = {
			isa = XCConfigurationList;
			buildConfigurations = (
				BD8F9B9B276F68B4002BD084 /* Debug */,
				BD8F9B9C276F68B4002BD084 /* Release */,
			);
			defaultConfigurationIsVisible = 0;
			defaultConfigurationName = Release;
		};
		BD8F9B9D276F68B4002BD084 /* Build configuration list for PBXNativeTarget "Repository" */ = {
			isa = XCConfigurationList;
			buildConfigurations = (
				BD8F9B9E276F68B4002BD084 /* Debug */,
				BD8F9B9F276F68B4002BD084 /* Release */,
			);
			defaultConfigurationIsVisible = 0;
			defaultConfigurationName = Release;
		};
		BD8F9BA0276F68B4002BD084 /* Build configuration list for PBXNativeTarget "RepositoryTests" */ = {
			isa = XCConfigurationList;
			buildConfigurations = (
				BD8F9BA1276F68B4002BD084 /* Debug */,
				BD8F9BA2276F68B4002BD084 /* Release */,
			);
			defaultConfigurationIsVisible = 0;
			defaultConfigurationName = Release;
		};
/* End XCConfigurationList section */
	};
	rootObject = BD8F9B80276F68B4002BD084 /* Project object */;
}
