// !$*UTF8*$!
{
	archiveVersion = 1;
	classes = {
	};
	objectVersion = 51;
	objects = {

/* Begin PBXBuildFile section */
		273AFE5BC8E05581567D3E26 /* Pods_Core.framework in Frameworks */ = {isa = PBXBuildFile; fileRef = 0156E4683619D126B2E60E0E /* Pods_Core.framework */; };
		95BB120BBF39DB8895052789 /* Pods_CoreTests.framework in Frameworks */ = {isa = PBXBuildFile; fileRef = DB9510DA54F74927096FBE7B /* Pods_CoreTests.framework */; };
		BD8F98C7276D557F002BD084 /* Core.framework in Frameworks */ = {isa = PBXBuildFile; fileRef = BD8F98BD276D557F002BD084 /* Core.framework */; };
		BD8F98CE276D557F002BD084 /* Core.h in Headers */ = {isa = PBXBuildFile; fileRef = BD8F98C0276D557F002BD084 /* Core.h */; settings = {ATTRIBUTES = (Public, ); }; };
		BD8F98EA276D57FA002BD084 /* Core.strings in Resources */ = {isa = PBXBuildFile; fileRef = BD8F98E9276D57FA002BD084 /* Core.strings */; };
		BD8F98F0276D5815002BD084 /* CoreStringConstants.swift in Sources */ = {isa = PBXBuildFile; fileRef = BD8F98EF276D5815002BD084 /* CoreStringConstants.swift */; };
		BD8F994D276D6EFE002BD084 /* CoordinatorProtocol.swift in Sources */ = {isa = PBXBuildFile; fileRef = BD8F994C276D6EFE002BD084 /* CoordinatorProtocol.swift */; };
		BD8F9954276D6FEC002BD084 /* CoordinatorEvent.swift in Sources */ = {isa = PBXBuildFile; fileRef = BD8F9953276D6FEC002BD084 /* CoordinatorEvent.swift */; };
		BD8F995A276D719A002BD084 /* Coordinator.swift in Sources */ = {isa = PBXBuildFile; fileRef = BD8F9959276D719A002BD084 /* Coordinator.swift */; };
		BD8F9963276D78CB002BD084 /* CoordinatorTests.swift in Sources */ = {isa = PBXBuildFile; fileRef = BD8F9962276D78CB002BD084 /* CoordinatorTests.swift */; };
		BD8F999C276D7CA0002BD084 /* DummyCoordinatorEvent.swift in Sources */ = {isa = PBXBuildFile; fileRef = BD8F999B276D7CA0002BD084 /* DummyCoordinatorEvent.swift */; };
		BD8F99A3276D7D1D002BD084 /* CoordinatorHandlerSpy.swift in Sources */ = {isa = PBXBuildFile; fileRef = BD8F99A2276D7D1D002BD084 /* CoordinatorHandlerSpy.swift */; };
		BD8F99A9276D7EF3002BD084 /* ParentCoordinatorSpy.swift in Sources */ = {isa = PBXBuildFile; fileRef = BD8F99A8276D7EF3002BD084 /* ParentCoordinatorSpy.swift */; };
		BD8F9A59276D964F002BD084 /* StateAbstraction.swift in Sources */ = {isa = PBXBuildFile; fileRef = BD8F9A58276D964F002BD084 /* StateAbstraction.swift */; };
		BD8F9A76276E2017002BD084 /* JSONBody.swift in Sources */ = {isa = PBXBuildFile; fileRef = BD8F9A75276E2017002BD084 /* JSONBody.swift */; };
		BD8F9A7C276E202B002BD084 /* HTTPBody.swift in Sources */ = {isa = PBXBuildFile; fileRef = BD8F9A7B276E202B002BD084 /* HTTPBody.swift */; };
		BD8F9A80276E20AB002BD084 /* HTTPMethod.swift in Sources */ = {isa = PBXBuildFile; fileRef = BD8F9A7F276E20AB002BD084 /* HTTPMethod.swift */; };
		BD8F9A84276E20D1002BD084 /* HTTPRequest.swift in Sources */ = {isa = PBXBuildFile; fileRef = BD8F9A83276E20D1002BD084 /* HTTPRequest.swift */; };
		BD8F9A8C276E2129002BD084 /* JSONBodyTests.swift in Sources */ = {isa = PBXBuildFile; fileRef = BD8F9A8B276E2129002BD084 /* JSONBodyTests.swift */; };
		BD8F9A93276E2180002BD084 /* CodableJSONBodyDummy.swift in Sources */ = {isa = PBXBuildFile; fileRef = BD8F9A92276E2180002BD084 /* CodableJSONBodyDummy.swift */; };
		BD8F9A99276E231C002BD084 /* HTTPMethodTests.swift in Sources */ = {isa = PBXBuildFile; fileRef = BD8F9A98276E231C002BD084 /* HTTPMethodTests.swift */; };
		BD8F9A9E276E24A8002BD084 /* URLRequestBuilder.swift in Sources */ = {isa = PBXBuildFile; fileRef = BD8F9A9D276E24A8002BD084 /* URLRequestBuilder.swift */; };
		BD8F9AA9276E2CBA002BD084 /* RequestError.swift in Sources */ = {isa = PBXBuildFile; fileRef = BD8F9AA8276E2CBA002BD084 /* RequestError.swift */; };
		BD8F9AAF276E2D2A002BD084 /* NetworkError.swift in Sources */ = {isa = PBXBuildFile; fileRef = BD8F9AAE276E2D2A002BD084 /* NetworkError.swift */; };
		BD8F9AB6276E2F79002BD084 /* StatusCode.swift in Sources */ = {isa = PBXBuildFile; fileRef = BD8F9AB5276E2F79002BD084 /* StatusCode.swift */; };
		BD8F9ABF276E31EE002BD084 /* NetworkErrorTests.swift in Sources */ = {isa = PBXBuildFile; fileRef = BD8F9ABE276E31EE002BD084 /* NetworkErrorTests.swift */; };
		BD8F9AC5276E33B5002BD084 /* StatusCodeTests.swift in Sources */ = {isa = PBXBuildFile; fileRef = BD8F9AC4276E33B5002BD084 /* StatusCodeTests.swift */; };
/* End PBXBuildFile section */

/* Begin PBXContainerItemProxy section */
		BD8F98C8276D557F002BD084 /* PBXContainerItemProxy */ = {
			isa = PBXContainerItemProxy;
			containerPortal = BD8F98B4276D557F002BD084 /* Project object */;
			proxyType = 1;
			remoteGlobalIDString = BD8F98BC276D557F002BD084;
			remoteInfo = Core;
		};
/* End PBXContainerItemProxy section */

/* Begin PBXFileReference section */
		0156E4683619D126B2E60E0E /* Pods_Core.framework */ = {isa = PBXFileReference; explicitFileType = wrapper.framework; includeInIndex = 0; path = Pods_Core.framework; sourceTree = BUILT_PRODUCTS_DIR; };
		65F78F09886F368CEE3BC785 /* Pods-CoreTests.release.xcconfig */ = {isa = PBXFileReference; includeInIndex = 1; lastKnownFileType = text.xcconfig; name = "Pods-CoreTests.release.xcconfig"; path = "Target Support Files/Pods-CoreTests/Pods-CoreTests.release.xcconfig"; sourceTree = "<group>"; };
		A538B8829445CEEBBA33D77E /* Pods-Core.debug.xcconfig */ = {isa = PBXFileReference; includeInIndex = 1; lastKnownFileType = text.xcconfig; name = "Pods-Core.debug.xcconfig"; path = "Target Support Files/Pods-Core/Pods-Core.debug.xcconfig"; sourceTree = "<group>"; };
		BD8F98BD276D557F002BD084 /* Core.framework */ = {isa = PBXFileReference; explicitFileType = wrapper.framework; includeInIndex = 0; path = Core.framework; sourceTree = BUILT_PRODUCTS_DIR; };
		BD8F98C0276D557F002BD084 /* Core.h */ = {isa = PBXFileReference; lastKnownFileType = sourcecode.c.h; path = Core.h; sourceTree = "<group>"; };
		BD8F98C1276D557F002BD084 /* Info.plist */ = {isa = PBXFileReference; lastKnownFileType = text.plist.xml; path = Info.plist; sourceTree = "<group>"; };
		BD8F98C6276D557F002BD084 /* CoreTests.xctest */ = {isa = PBXFileReference; explicitFileType = wrapper.cfbundle; includeInIndex = 0; path = CoreTests.xctest; sourceTree = BUILT_PRODUCTS_DIR; };
		BD8F98CD276D557F002BD084 /* Info.plist */ = {isa = PBXFileReference; lastKnownFileType = text.plist.xml; path = Info.plist; sourceTree = "<group>"; };
		BD8F98E9276D57FA002BD084 /* Core.strings */ = {isa = PBXFileReference; lastKnownFileType = text.plist.strings; path = Core.strings; sourceTree = "<group>"; };
		BD8F98EF276D5815002BD084 /* CoreStringConstants.swift */ = {isa = PBXFileReference; fileEncoding = 4; lastKnownFileType = sourcecode.swift; path = CoreStringConstants.swift; sourceTree = "<group>"; };
		BD8F994C276D6EFE002BD084 /* CoordinatorProtocol.swift */ = {isa = PBXFileReference; lastKnownFileType = sourcecode.swift; path = CoordinatorProtocol.swift; sourceTree = "<group>"; };
		BD8F9953276D6FEC002BD084 /* CoordinatorEvent.swift */ = {isa = PBXFileReference; lastKnownFileType = sourcecode.swift; path = CoordinatorEvent.swift; sourceTree = "<group>"; };
		BD8F9959276D719A002BD084 /* Coordinator.swift */ = {isa = PBXFileReference; lastKnownFileType = sourcecode.swift; path = Coordinator.swift; sourceTree = "<group>"; };
		BD8F9962276D78CB002BD084 /* CoordinatorTests.swift */ = {isa = PBXFileReference; lastKnownFileType = sourcecode.swift; path = CoordinatorTests.swift; sourceTree = "<group>"; };
		BD8F999B276D7CA0002BD084 /* DummyCoordinatorEvent.swift */ = {isa = PBXFileReference; lastKnownFileType = sourcecode.swift; path = DummyCoordinatorEvent.swift; sourceTree = "<group>"; };
		BD8F99A2276D7D1D002BD084 /* CoordinatorHandlerSpy.swift */ = {isa = PBXFileReference; lastKnownFileType = sourcecode.swift; path = CoordinatorHandlerSpy.swift; sourceTree = "<group>"; };
		BD8F99A8276D7EF3002BD084 /* ParentCoordinatorSpy.swift */ = {isa = PBXFileReference; lastKnownFileType = sourcecode.swift; path = ParentCoordinatorSpy.swift; sourceTree = "<group>"; };
		BD8F9A58276D964F002BD084 /* StateAbstraction.swift */ = {isa = PBXFileReference; lastKnownFileType = sourcecode.swift; path = StateAbstraction.swift; sourceTree = "<group>"; };
		BD8F9A75276E2017002BD084 /* JSONBody.swift */ = {isa = PBXFileReference; lastKnownFileType = sourcecode.swift; path = JSONBody.swift; sourceTree = "<group>"; };
		BD8F9A7B276E202B002BD084 /* HTTPBody.swift */ = {isa = PBXFileReference; lastKnownFileType = sourcecode.swift; path = HTTPBody.swift; sourceTree = "<group>"; };
		BD8F9A7F276E20AB002BD084 /* HTTPMethod.swift */ = {isa = PBXFileReference; lastKnownFileType = sourcecode.swift; path = HTTPMethod.swift; sourceTree = "<group>"; };
		BD8F9A83276E20D1002BD084 /* HTTPRequest.swift */ = {isa = PBXFileReference; lastKnownFileType = sourcecode.swift; path = HTTPRequest.swift; sourceTree = "<group>"; };
		BD8F9A8B276E2129002BD084 /* JSONBodyTests.swift */ = {isa = PBXFileReference; lastKnownFileType = sourcecode.swift; path = JSONBodyTests.swift; sourceTree = "<group>"; };
		BD8F9A92276E2180002BD084 /* CodableJSONBodyDummy.swift */ = {isa = PBXFileReference; lastKnownFileType = sourcecode.swift; path = CodableJSONBodyDummy.swift; sourceTree = "<group>"; };
		BD8F9A98276E231C002BD084 /* HTTPMethodTests.swift */ = {isa = PBXFileReference; lastKnownFileType = sourcecode.swift; path = HTTPMethodTests.swift; sourceTree = "<group>"; };
		BD8F9A9D276E24A8002BD084 /* URLRequestBuilder.swift */ = {isa = PBXFileReference; lastKnownFileType = sourcecode.swift; path = URLRequestBuilder.swift; sourceTree = "<group>"; };
		BD8F9AA8276E2CBA002BD084 /* RequestError.swift */ = {isa = PBXFileReference; lastKnownFileType = sourcecode.swift; path = RequestError.swift; sourceTree = "<group>"; };
		BD8F9AAE276E2D2A002BD084 /* NetworkError.swift */ = {isa = PBXFileReference; lastKnownFileType = sourcecode.swift; path = NetworkError.swift; sourceTree = "<group>"; };
		BD8F9AB5276E2F79002BD084 /* StatusCode.swift */ = {isa = PBXFileReference; lastKnownFileType = sourcecode.swift; path = StatusCode.swift; sourceTree = "<group>"; };
		BD8F9ABE276E31EE002BD084 /* NetworkErrorTests.swift */ = {isa = PBXFileReference; lastKnownFileType = sourcecode.swift; path = NetworkErrorTests.swift; sourceTree = "<group>"; };
		BD8F9AC4276E33B5002BD084 /* StatusCodeTests.swift */ = {isa = PBXFileReference; lastKnownFileType = sourcecode.swift; path = StatusCodeTests.swift; sourceTree = "<group>"; };
		DB9510DA54F74927096FBE7B /* Pods_CoreTests.framework */ = {isa = PBXFileReference; explicitFileType = wrapper.framework; includeInIndex = 0; path = Pods_CoreTests.framework; sourceTree = BUILT_PRODUCTS_DIR; };
		EA9F9480346F1A1607818115 /* Pods-Core.release.xcconfig */ = {isa = PBXFileReference; includeInIndex = 1; lastKnownFileType = text.xcconfig; name = "Pods-Core.release.xcconfig"; path = "Target Support Files/Pods-Core/Pods-Core.release.xcconfig"; sourceTree = "<group>"; };
		FFA0CEA5BBF9A1F37417ACD3 /* Pods-CoreTests.debug.xcconfig */ = {isa = PBXFileReference; includeInIndex = 1; lastKnownFileType = text.xcconfig; name = "Pods-CoreTests.debug.xcconfig"; path = "Target Support Files/Pods-CoreTests/Pods-CoreTests.debug.xcconfig"; sourceTree = "<group>"; };
/* End PBXFileReference section */

/* Begin PBXFrameworksBuildPhase section */
		BD8F98BA276D557F002BD084 /* Frameworks */ = {
			isa = PBXFrameworksBuildPhase;
			buildActionMask = 2147483647;
			files = (
				273AFE5BC8E05581567D3E26 /* Pods_Core.framework in Frameworks */,
			);
			runOnlyForDeploymentPostprocessing = 0;
		};
		BD8F98C3276D557F002BD084 /* Frameworks */ = {
			isa = PBXFrameworksBuildPhase;
			buildActionMask = 2147483647;
			files = (
				BD8F98C7276D557F002BD084 /* Core.framework in Frameworks */,
				95BB120BBF39DB8895052789 /* Pods_CoreTests.framework in Frameworks */,
			);
			runOnlyForDeploymentPostprocessing = 0;
		};
/* End PBXFrameworksBuildPhase section */

/* Begin PBXGroup section */
		7CD13773879DE70E7C62EC2F /* Pods */ = {
			isa = PBXGroup;
			children = (
				A538B8829445CEEBBA33D77E /* Pods-Core.debug.xcconfig */,
				EA9F9480346F1A1607818115 /* Pods-Core.release.xcconfig */,
				FFA0CEA5BBF9A1F37417ACD3 /* Pods-CoreTests.debug.xcconfig */,
				65F78F09886F368CEE3BC785 /* Pods-CoreTests.release.xcconfig */,
			);
			name = Pods;
			path = ../Pods;
			sourceTree = "<group>";
		};
		BD8F98B3276D557F002BD084 = {
			isa = PBXGroup;
			children = (
				BD8F98BF276D557F002BD084 /* Core */,
				BD8F98CA276D557F002BD084 /* CoreTests */,
				BD8F98BE276D557F002BD084 /* Products */,
				7CD13773879DE70E7C62EC2F /* Pods */,
				E1681337362617AC098797E3 /* Frameworks */,
			);
			sourceTree = "<group>";
		};
		BD8F98BE276D557F002BD084 /* Products */ = {
			isa = PBXGroup;
			children = (
				BD8F98BD276D557F002BD084 /* Core.framework */,
				BD8F98C6276D557F002BD084 /* CoreTests.xctest */,
			);
			name = Products;
			sourceTree = "<group>";
		};
		BD8F98BF276D557F002BD084 /* Core */ = {
			isa = PBXGroup;
			children = (
				BD8F9A70276E142D002BD084 /* Network Client */,
				BD8F994A276D6EE6002BD084 /* Coordinator */,
				BD8F98E7276D57D4002BD084 /* Resources */,
				BD8F9A57276D962C002BD084 /* State */,
				BD8F98E8276D57E6002BD084 /* StringConstants */,
				BD8F98C0276D557F002BD084 /* Core.h */,
				BD8F98C1276D557F002BD084 /* Info.plist */,
			);
			path = Core;
			sourceTree = "<group>";
		};
		BD8F98CA276D557F002BD084 /* CoreTests */ = {
			isa = PBXGroup;
			children = (
				BD8F9A87276E20FD002BD084 /* Network Client */,
				BD8F9961276D78B9002BD084 /* Coordinator */,
				BD8F98CD276D557F002BD084 /* Info.plist */,
			);
			path = CoreTests;
			sourceTree = "<group>";
		};
		BD8F98E7276D57D4002BD084 /* Resources */ = {
			isa = PBXGroup;
			children = (
				BD8F98EF276D5815002BD084 /* CoreStringConstants.swift */,
			);
			path = Resources;
			sourceTree = "<group>";
		};
		BD8F98E8276D57E6002BD084 /* StringConstants */ = {
			isa = PBXGroup;
			children = (
				BD8F98E9276D57FA002BD084 /* Core.strings */,
			);
			path = StringConstants;
			sourceTree = "<group>";
		};
		BD8F994A276D6EE6002BD084 /* Coordinator */ = {
			isa = PBXGroup;
			children = (
				BD8F994B276D6EEE002BD084 /* Abstraction */,
				BD8F9952276D6F56002BD084 /* Event */,
				BD8F9959276D719A002BD084 /* Coordinator.swift */,
			);
			path = Coordinator;
			sourceTree = "<group>";
		};
		BD8F994B276D6EEE002BD084 /* Abstraction */ = {
			isa = PBXGroup;
			children = (
				BD8F994C276D6EFE002BD084 /* CoordinatorProtocol.swift */,
			);
			path = Abstraction;
			sourceTree = "<group>";
		};
		BD8F9952276D6F56002BD084 /* Event */ = {
			isa = PBXGroup;
			children = (
				BD8F9953276D6FEC002BD084 /* CoordinatorEvent.swift */,
			);
			path = Event;
			sourceTree = "<group>";
		};
		BD8F9961276D78B9002BD084 /* Coordinator */ = {
			isa = PBXGroup;
			children = (
				BD8F999A276D7C8A002BD084 /* Dummy */,
				BD8F99A1276D7D07002BD084 /* Spy */,
				BD8F9962276D78CB002BD084 /* CoordinatorTests.swift */,
			);
			path = Coordinator;
			sourceTree = "<group>";
		};
		BD8F999A276D7C8A002BD084 /* Dummy */ = {
			isa = PBXGroup;
			children = (
				BD8F999B276D7CA0002BD084 /* DummyCoordinatorEvent.swift */,
			);
			path = Dummy;
			sourceTree = "<group>";
		};
		BD8F99A1276D7D07002BD084 /* Spy */ = {
			isa = PBXGroup;
			children = (
				BD8F99A2276D7D1D002BD084 /* CoordinatorHandlerSpy.swift */,
				BD8F99A8276D7EF3002BD084 /* ParentCoordinatorSpy.swift */,
			);
			path = Spy;
			sourceTree = "<group>";
		};
		BD8F9A57276D962C002BD084 /* State */ = {
			isa = PBXGroup;
			children = (
				BD8F9A58276D964F002BD084 /* StateAbstraction.swift */,
			);
			path = State;
			sourceTree = "<group>";
		};
		BD8F9A70276E142D002BD084 /* Network Client */ = {
			isa = PBXGroup;
			children = (
				BD8F9A71276E1FD3002BD084 /* HTTPRequest */,
				BD8F9AA7276E2C6E002BD084 /* NetworkError */,
				BD8F9AB4276E2F66002BD084 /* StatusCode */,
				BD8F9A9C276E247F002BD084 /* URLRequestBuilder */,
			);
			path = "Network Client";
			sourceTree = "<group>";
		};
		BD8F9A71276E1FD3002BD084 /* HTTPRequest */ = {
			isa = PBXGroup;
			children = (
				BD8F9A73276E1FFA002BD084 /* HTTPBody */,
				BD8F9A72276E1FE9002BD084 /* HTTPMethod */,
				BD8F9A83276E20D1002BD084 /* HTTPRequest.swift */,
			);
			path = HTTPRequest;
			sourceTree = "<group>";
		};
		BD8F9A72276E1FE9002BD084 /* HTTPMethod */ = {
			isa = PBXGroup;
			children = (
				BD8F9A7F276E20AB002BD084 /* HTTPMethod.swift */,
			);
			path = HTTPMethod;
			sourceTree = "<group>";
		};
		BD8F9A73276E1FFA002BD084 /* HTTPBody */ = {
			isa = PBXGroup;
			children = (
				BD8F9A74276E2001002BD084 /* JSONBody */,
				BD8F9A7B276E202B002BD084 /* HTTPBody.swift */,
			);
			path = HTTPBody;
			sourceTree = "<group>";
		};
		BD8F9A74276E2001002BD084 /* JSONBody */ = {
			isa = PBXGroup;
			children = (
				BD8F9A75276E2017002BD084 /* JSONBody.swift */,
			);
			path = JSONBody;
			sourceTree = "<group>";
		};
		BD8F9A87276E20FD002BD084 /* Network Client */ = {
			isa = PBXGroup;
			children = (
				BD8F9A88276E2107002BD084 /* HTTPRequest */,
				BD8F9ABD276E31CC002BD084 /* NetworkError */,
				BD8F9ABC276E31C6002BD084 /* StatusCode */,
				BD8F9ABB276E31B8002BD084 /* URLRequestBuilder */,
			);
			path = "Network Client";
			sourceTree = "<group>";
		};
		BD8F9A88276E2107002BD084 /* HTTPRequest */ = {
			isa = PBXGroup;
			children = (
				BD8F9A8A276E2117002BD084 /* HTTPBody */,
				BD8F9A89276E210F002BD084 /* HTTPMethod */,
			);
			path = HTTPRequest;
			sourceTree = "<group>";
		};
		BD8F9A89276E210F002BD084 /* HTTPMethod */ = {
			isa = PBXGroup;
			children = (
				BD8F9A98276E231C002BD084 /* HTTPMethodTests.swift */,
			);
			path = HTTPMethod;
			sourceTree = "<group>";
		};
		BD8F9A8A276E2117002BD084 /* HTTPBody */ = {
			isa = PBXGroup;
			children = (
				BD8F9A91276E2170002BD084 /* Dummy */,
				BD8F9A8B276E2129002BD084 /* JSONBodyTests.swift */,
			);
			path = HTTPBody;
			sourceTree = "<group>";
		};
		BD8F9A91276E2170002BD084 /* Dummy */ = {
			isa = PBXGroup;
			children = (
				BD8F9A92276E2180002BD084 /* CodableJSONBodyDummy.swift */,
			);
			path = Dummy;
			sourceTree = "<group>";
		};
		BD8F9A9C276E247F002BD084 /* URLRequestBuilder */ = {
			isa = PBXGroup;
			children = (
				BD8F9A9D276E24A8002BD084 /* URLRequestBuilder.swift */,
			);
			path = URLRequestBuilder;
			sourceTree = "<group>";
		};
		BD8F9AA7276E2C6E002BD084 /* NetworkError */ = {
			isa = PBXGroup;
			children = (
				BD8F9AAE276E2D2A002BD084 /* NetworkError.swift */,
				BD8F9AA8276E2CBA002BD084 /* RequestError.swift */,
			);
			path = NetworkError;
			sourceTree = "<group>";
		};
		BD8F9AB4276E2F66002BD084 /* StatusCode */ = {
			isa = PBXGroup;
			children = (
				BD8F9AB5276E2F79002BD084 /* StatusCode.swift */,
			);
			path = StatusCode;
			sourceTree = "<group>";
		};
		BD8F9ABB276E31B8002BD084 /* URLRequestBuilder */ = {
			isa = PBXGroup;
			children = (
			);
			path = URLRequestBuilder;
			sourceTree = "<group>";
		};
		BD8F9ABC276E31C6002BD084 /* StatusCode */ = {
			isa = PBXGroup;
			children = (
				BD8F9AC4276E33B5002BD084 /* StatusCodeTests.swift */,
			);
			path = StatusCode;
			sourceTree = "<group>";
		};
		BD8F9ABD276E31CC002BD084 /* NetworkError */ = {
			isa = PBXGroup;
			children = (
				BD8F9ABE276E31EE002BD084 /* NetworkErrorTests.swift */,
			);
			path = NetworkError;
			sourceTree = "<group>";
		};
		E1681337362617AC098797E3 /* Frameworks */ = {
			isa = PBXGroup;
			children = (
				0156E4683619D126B2E60E0E /* Pods_Core.framework */,
				DB9510DA54F74927096FBE7B /* Pods_CoreTests.framework */,
			);
			name = Frameworks;
			sourceTree = "<group>";
		};
/* End PBXGroup section */

/* Begin PBXHeadersBuildPhase section */
		BD8F98B8276D557F002BD084 /* Headers */ = {
			isa = PBXHeadersBuildPhase;
			buildActionMask = 2147483647;
			files = (
				BD8F98CE276D557F002BD084 /* Core.h in Headers */,
			);
			runOnlyForDeploymentPostprocessing = 0;
		};
/* End PBXHeadersBuildPhase section */

/* Begin PBXNativeTarget section */
		BD8F98BC276D557F002BD084 /* Core */ = {
			isa = PBXNativeTarget;
			buildConfigurationList = BD8F98D1276D557F002BD084 /* Build configuration list for PBXNativeTarget "Core" */;
			buildPhases = (
				1BFD04EE13C6E4039021CB13 /* [CP] Check Pods Manifest.lock */,
				BD8F98B8276D557F002BD084 /* Headers */,
				BD8F98B9276D557F002BD084 /* Sources */,
				BD8F98BA276D557F002BD084 /* Frameworks */,
				BD8F98BB276D557F002BD084 /* Resources */,
				BD8F98E6276D57C3002BD084 /* Swift Gen */,
			);
			buildRules = (
			);
			dependencies = (
			);
			name = Core;
			productName = Core;
			productReference = BD8F98BD276D557F002BD084 /* Core.framework */;
			productType = "com.apple.product-type.framework";
		};
		BD8F98C5276D557F002BD084 /* CoreTests */ = {
			isa = PBXNativeTarget;
			buildConfigurationList = BD8F98D4276D557F002BD084 /* Build configuration list for PBXNativeTarget "CoreTests" */;
			buildPhases = (
				681E6F7FB247476BC973F798 /* [CP] Check Pods Manifest.lock */,
				BD8F98C2276D557F002BD084 /* Sources */,
				BD8F98C3276D557F002BD084 /* Frameworks */,
				BD8F98C4276D557F002BD084 /* Resources */,
				2A734EE239853CEA774C6A5F /* [CP] Embed Pods Frameworks */,
			);
			buildRules = (
			);
			dependencies = (
				BD8F98C9276D557F002BD084 /* PBXTargetDependency */,
			);
			name = CoreTests;
			productName = CoreTests;
			productReference = BD8F98C6276D557F002BD084 /* CoreTests.xctest */;
			productType = "com.apple.product-type.bundle.unit-test";
		};
/* End PBXNativeTarget section */

/* Begin PBXProject section */
		BD8F98B4276D557F002BD084 /* Project object */ = {
			isa = PBXProject;
			attributes = {
				LastSwiftUpdateCheck = 1240;
				LastUpgradeCheck = 1240;
				TargetAttributes = {
					BD8F98BC276D557F002BD084 = {
						CreatedOnToolsVersion = 12.4;
						LastSwiftMigration = 1240;
					};
					BD8F98C5276D557F002BD084 = {
						CreatedOnToolsVersion = 12.4;
						LastSwiftMigration = 1240;
					};
				};
			};
			buildConfigurationList = BD8F98B7276D557F002BD084 /* Build configuration list for PBXProject "Core" */;
			compatibilityVersion = "Xcode 9.3";
			developmentRegion = en;
			hasScannedForEncodings = 0;
			knownRegions = (
				en,
				Base,
			);
			mainGroup = BD8F98B3276D557F002BD084;
			productRefGroup = BD8F98BE276D557F002BD084 /* Products */;
			projectDirPath = "";
			projectRoot = "";
			targets = (
				BD8F98BC276D557F002BD084 /* Core */,
				BD8F98C5276D557F002BD084 /* CoreTests */,
			);
		};
/* End PBXProject section */

/* Begin PBXResourcesBuildPhase section */
		BD8F98BB276D557F002BD084 /* Resources */ = {
			isa = PBXResourcesBuildPhase;
			buildActionMask = 2147483647;
			files = (
				BD8F98EA276D57FA002BD084 /* Core.strings in Resources */,
			);
			runOnlyForDeploymentPostprocessing = 0;
		};
		BD8F98C4276D557F002BD084 /* Resources */ = {
			isa = PBXResourcesBuildPhase;
			buildActionMask = 2147483647;
			files = (
			);
			runOnlyForDeploymentPostprocessing = 0;
		};
/* End PBXResourcesBuildPhase section */

/* Begin PBXShellScriptBuildPhase section */
		1BFD04EE13C6E4039021CB13 /* [CP] Check Pods Manifest.lock */ = {
			isa = PBXShellScriptBuildPhase;
			buildActionMask = 2147483647;
			files = (
			);
			inputFileListPaths = (
			);
			inputPaths = (
				"${PODS_PODFILE_DIR_PATH}/Podfile.lock",
				"${PODS_ROOT}/Manifest.lock",
			);
			name = "[CP] Check Pods Manifest.lock";
			outputFileListPaths = (
			);
			outputPaths = (
				"$(DERIVED_FILE_DIR)/Pods-Core-checkManifestLockResult.txt",
			);
			runOnlyForDeploymentPostprocessing = 0;
			shellPath = /bin/sh;
			shellScript = "diff \"${PODS_PODFILE_DIR_PATH}/Podfile.lock\" \"${PODS_ROOT}/Manifest.lock\" > /dev/null\nif [ $? != 0 ] ; then\n    # print error to STDERR\n    echo \"error: The sandbox is not in sync with the Podfile.lock. Run 'pod install' or update your CocoaPods installation.\" >&2\n    exit 1\nfi\n# This output is used by Xcode 'outputs' to avoid re-running this script phase.\necho \"SUCCESS\" > \"${SCRIPT_OUTPUT_FILE_0}\"\n";
			showEnvVarsInLog = 0;
		};
		2A734EE239853CEA774C6A5F /* [CP] Embed Pods Frameworks */ = {
			isa = PBXShellScriptBuildPhase;
			buildActionMask = 2147483647;
			files = (
			);
			inputFileListPaths = (
				"${PODS_ROOT}/Target Support Files/Pods-CoreTests/Pods-CoreTests-frameworks-${CONFIGURATION}-input-files.xcfilelist",
			);
			name = "[CP] Embed Pods Frameworks";
			outputFileListPaths = (
				"${PODS_ROOT}/Target Support Files/Pods-CoreTests/Pods-CoreTests-frameworks-${CONFIGURATION}-output-files.xcfilelist",
			);
			runOnlyForDeploymentPostprocessing = 0;
			shellPath = /bin/sh;
			shellScript = "\"${PODS_ROOT}/Target Support Files/Pods-CoreTests/Pods-CoreTests-frameworks.sh\"\n";
			showEnvVarsInLog = 0;
		};
		681E6F7FB247476BC973F798 /* [CP] Check Pods Manifest.lock */ = {
			isa = PBXShellScriptBuildPhase;
			buildActionMask = 2147483647;
			files = (
			);
			inputFileListPaths = (
			);
			inputPaths = (
				"${PODS_PODFILE_DIR_PATH}/Podfile.lock",
				"${PODS_ROOT}/Manifest.lock",
			);
			name = "[CP] Check Pods Manifest.lock";
			outputFileListPaths = (
			);
			outputPaths = (
				"$(DERIVED_FILE_DIR)/Pods-CoreTests-checkManifestLockResult.txt",
			);
			runOnlyForDeploymentPostprocessing = 0;
			shellPath = /bin/sh;
			shellScript = "diff \"${PODS_PODFILE_DIR_PATH}/Podfile.lock\" \"${PODS_ROOT}/Manifest.lock\" > /dev/null\nif [ $? != 0 ] ; then\n    # print error to STDERR\n    echo \"error: The sandbox is not in sync with the Podfile.lock. Run 'pod install' or update your CocoaPods installation.\" >&2\n    exit 1\nfi\n# This output is used by Xcode 'outputs' to avoid re-running this script phase.\necho \"SUCCESS\" > \"${SCRIPT_OUTPUT_FILE_0}\"\n";
			showEnvVarsInLog = 0;
		};
		BD8F98E6276D57C3002BD084 /* Swift Gen */ = {
			isa = PBXShellScriptBuildPhase;
			buildActionMask = 2147483647;
			files = (
			);
			inputFileListPaths = (
			);
			inputPaths = (
			);
			name = "Swift Gen";
			outputFileListPaths = (
			);
			outputPaths = (
			);
			runOnlyForDeploymentPostprocessing = 0;
			shellPath = /bin/sh;
			shellScript = "# Type a script or drag a script file from your workspace to insert its path.\n$PODS_ROOT/SwiftGen/bin/swiftgen\n";
		};
/* End PBXShellScriptBuildPhase section */

/* Begin PBXSourcesBuildPhase section */
		BD8F98B9276D557F002BD084 /* Sources */ = {
			isa = PBXSourcesBuildPhase;
			buildActionMask = 2147483647;
			files = (
				BD8F9AB6276E2F79002BD084 /* StatusCode.swift in Sources */,
				BD8F9A59276D964F002BD084 /* StateAbstraction.swift in Sources */,
				BD8F9A9E276E24A8002BD084 /* URLRequestBuilder.swift in Sources */,
				BD8F994D276D6EFE002BD084 /* CoordinatorProtocol.swift in Sources */,
				BD8F9AA9276E2CBA002BD084 /* RequestError.swift in Sources */,
				BD8F98F0276D5815002BD084 /* CoreStringConstants.swift in Sources */,
				BD8F9954276D6FEC002BD084 /* CoordinatorEvent.swift in Sources */,
				BD8F9A80276E20AB002BD084 /* HTTPMethod.swift in Sources */,
				BD8F995A276D719A002BD084 /* Coordinator.swift in Sources */,
				BD8F9A84276E20D1002BD084 /* HTTPRequest.swift in Sources */,
				BD8F9AAF276E2D2A002BD084 /* NetworkError.swift in Sources */,
				BD8F9A76276E2017002BD084 /* JSONBody.swift in Sources */,
				BD8F9A7C276E202B002BD084 /* HTTPBody.swift in Sources */,
			);
			runOnlyForDeploymentPostprocessing = 0;
		};
		BD8F98C2276D557F002BD084 /* Sources */ = {
			isa = PBXSourcesBuildPhase;
			buildActionMask = 2147483647;
			files = (
				BD8F99A3276D7D1D002BD084 /* CoordinatorHandlerSpy.swift in Sources */,
				BD8F9ABF276E31EE002BD084 /* NetworkErrorTests.swift in Sources */,
				BD8F9AC5276E33B5002BD084 /* StatusCodeTests.swift in Sources */,
				BD8F999C276D7CA0002BD084 /* DummyCoordinatorEvent.swift in Sources */,
				BD8F9A8C276E2129002BD084 /* JSONBodyTests.swift in Sources */,
				BD8F9963276D78CB002BD084 /* CoordinatorTests.swift in Sources */,
				BD8F9A99276E231C002BD084 /* HTTPMethodTests.swift in Sources */,
				BD8F99A9276D7EF3002BD084 /* ParentCoordinatorSpy.swift in Sources */,
				BD8F9A93276E2180002BD084 /* CodableJSONBodyDummy.swift in Sources */,
			);
			runOnlyForDeploymentPostprocessing = 0;
		};
/* End PBXSourcesBuildPhase section */

/* Begin PBXTargetDependency section */
		BD8F98C9276D557F002BD084 /* PBXTargetDependency */ = {
			isa = PBXTargetDependency;
			target = BD8F98BC276D557F002BD084 /* Core */;
			targetProxy = BD8F98C8276D557F002BD084 /* PBXContainerItemProxy */;
		};
/* End PBXTargetDependency section */

/* Begin XCBuildConfiguration section */
		BD8F98CF276D557F002BD084 /* Debug */ = {
			isa = XCBuildConfiguration;
			buildSettings = {
				ALWAYS_SEARCH_USER_PATHS = NO;
				CLANG_ANALYZER_NONNULL = YES;
				CLANG_ANALYZER_NUMBER_OBJECT_CONVERSION = YES_AGGRESSIVE;
				CLANG_CXX_LANGUAGE_STANDARD = "gnu++14";
				CLANG_CXX_LIBRARY = "libc++";
				CLANG_ENABLE_MODULES = YES;
				CLANG_ENABLE_OBJC_ARC = YES;
				CLANG_ENABLE_OBJC_WEAK = YES;
				CLANG_WARN_BLOCK_CAPTURE_AUTORELEASING = YES;
				CLANG_WARN_BOOL_CONVERSION = YES;
				CLANG_WARN_COMMA = YES;
				CLANG_WARN_CONSTANT_CONVERSION = YES;
				CLANG_WARN_DEPRECATED_OBJC_IMPLEMENTATIONS = YES;
				CLANG_WARN_DIRECT_OBJC_ISA_USAGE = YES_ERROR;
				CLANG_WARN_DOCUMENTATION_COMMENTS = YES;
				CLANG_WARN_EMPTY_BODY = YES;
				CLANG_WARN_ENUM_CONVERSION = YES;
				CLANG_WARN_INFINITE_RECURSION = YES;
				CLANG_WARN_INT_CONVERSION = YES;
				CLANG_WARN_NON_LITERAL_NULL_CONVERSION = YES;
				CLANG_WARN_OBJC_IMPLICIT_RETAIN_SELF = YES;
				CLANG_WARN_OBJC_LITERAL_CONVERSION = YES;
				CLANG_WARN_OBJC_ROOT_CLASS = YES_ERROR;
				CLANG_WARN_QUOTED_INCLUDE_IN_FRAMEWORK_HEADER = YES;
				CLANG_WARN_RANGE_LOOP_ANALYSIS = YES;
				CLANG_WARN_STRICT_PROTOTYPES = YES;
				CLANG_WARN_SUSPICIOUS_MOVE = YES;
				CLANG_WARN_UNGUARDED_AVAILABILITY = YES_AGGRESSIVE;
				CLANG_WARN_UNREACHABLE_CODE = YES;
				CLANG_WARN__DUPLICATE_METHOD_MATCH = YES;
				COPY_PHASE_STRIP = NO;
				CURRENT_PROJECT_VERSION = 1;
				DEBUG_INFORMATION_FORMAT = dwarf;
				ENABLE_STRICT_OBJC_MSGSEND = YES;
				ENABLE_TESTABILITY = YES;
				GCC_C_LANGUAGE_STANDARD = gnu11;
				GCC_DYNAMIC_NO_PIC = NO;
				GCC_NO_COMMON_BLOCKS = YES;
				GCC_OPTIMIZATION_LEVEL = 0;
				GCC_PREPROCESSOR_DEFINITIONS = (
					"DEBUG=1",
					"$(inherited)",
				);
				GCC_WARN_64_TO_32_BIT_CONVERSION = YES;
				GCC_WARN_ABOUT_RETURN_TYPE = YES_ERROR;
				GCC_WARN_UNDECLARED_SELECTOR = YES;
				GCC_WARN_UNINITIALIZED_AUTOS = YES_AGGRESSIVE;
				GCC_WARN_UNUSED_FUNCTION = YES;
				GCC_WARN_UNUSED_VARIABLE = YES;
				IPHONEOS_DEPLOYMENT_TARGET = 14.4;
				MTL_ENABLE_DEBUG_INFO = INCLUDE_SOURCE;
				MTL_FAST_MATH = YES;
				ONLY_ACTIVE_ARCH = YES;
				SDKROOT = iphoneos;
				SWIFT_ACTIVE_COMPILATION_CONDITIONS = DEBUG;
				SWIFT_OPTIMIZATION_LEVEL = "-Onone";
				SWIFT_VERSION = 5.0;
				VERSIONING_SYSTEM = "apple-generic";
				VERSION_INFO_PREFIX = "";
			};
			name = Debug;
		};
		BD8F98D0276D557F002BD084 /* Release */ = {
			isa = XCBuildConfiguration;
			buildSettings = {
				ALWAYS_SEARCH_USER_PATHS = NO;
				CLANG_ANALYZER_NONNULL = YES;
				CLANG_ANALYZER_NUMBER_OBJECT_CONVERSION = YES_AGGRESSIVE;
				CLANG_CXX_LANGUAGE_STANDARD = "gnu++14";
				CLANG_CXX_LIBRARY = "libc++";
				CLANG_ENABLE_MODULES = YES;
				CLANG_ENABLE_OBJC_ARC = YES;
				CLANG_ENABLE_OBJC_WEAK = YES;
				CLANG_WARN_BLOCK_CAPTURE_AUTORELEASING = YES;
				CLANG_WARN_BOOL_CONVERSION = YES;
				CLANG_WARN_COMMA = YES;
				CLANG_WARN_CONSTANT_CONVERSION = YES;
				CLANG_WARN_DEPRECATED_OBJC_IMPLEMENTATIONS = YES;
				CLANG_WARN_DIRECT_OBJC_ISA_USAGE = YES_ERROR;
				CLANG_WARN_DOCUMENTATION_COMMENTS = YES;
				CLANG_WARN_EMPTY_BODY = YES;
				CLANG_WARN_ENUM_CONVERSION = YES;
				CLANG_WARN_INFINITE_RECURSION = YES;
				CLANG_WARN_INT_CONVERSION = YES;
				CLANG_WARN_NON_LITERAL_NULL_CONVERSION = YES;
				CLANG_WARN_OBJC_IMPLICIT_RETAIN_SELF = YES;
				CLANG_WARN_OBJC_LITERAL_CONVERSION = YES;
				CLANG_WARN_OBJC_ROOT_CLASS = YES_ERROR;
				CLANG_WARN_QUOTED_INCLUDE_IN_FRAMEWORK_HEADER = YES;
				CLANG_WARN_RANGE_LOOP_ANALYSIS = YES;
				CLANG_WARN_STRICT_PROTOTYPES = YES;
				CLANG_WARN_SUSPICIOUS_MOVE = YES;
				CLANG_WARN_UNGUARDED_AVAILABILITY = YES_AGGRESSIVE;
				CLANG_WARN_UNREACHABLE_CODE = YES;
				CLANG_WARN__DUPLICATE_METHOD_MATCH = YES;
				COPY_PHASE_STRIP = NO;
				CURRENT_PROJECT_VERSION = 1;
				DEBUG_INFORMATION_FORMAT = "dwarf-with-dsym";
				ENABLE_NS_ASSERTIONS = NO;
				ENABLE_STRICT_OBJC_MSGSEND = YES;
				GCC_C_LANGUAGE_STANDARD = gnu11;
				GCC_NO_COMMON_BLOCKS = YES;
				GCC_WARN_64_TO_32_BIT_CONVERSION = YES;
				GCC_WARN_ABOUT_RETURN_TYPE = YES_ERROR;
				GCC_WARN_UNDECLARED_SELECTOR = YES;
				GCC_WARN_UNINITIALIZED_AUTOS = YES_AGGRESSIVE;
				GCC_WARN_UNUSED_FUNCTION = YES;
				GCC_WARN_UNUSED_VARIABLE = YES;
				IPHONEOS_DEPLOYMENT_TARGET = 14.4;
				MTL_ENABLE_DEBUG_INFO = NO;
				MTL_FAST_MATH = YES;
				SDKROOT = iphoneos;
				SWIFT_COMPILATION_MODE = wholemodule;
				SWIFT_OPTIMIZATION_LEVEL = "-O";
				SWIFT_VERSION = 5.0;
				VALIDATE_PRODUCT = YES;
				VERSIONING_SYSTEM = "apple-generic";
				VERSION_INFO_PREFIX = "";
			};
			name = Release;
		};
		BD8F98D2276D557F002BD084 /* Debug */ = {
			isa = XCBuildConfiguration;
			baseConfigurationReference = A538B8829445CEEBBA33D77E /* Pods-Core.debug.xcconfig */;
			buildSettings = {
				CLANG_ENABLE_MODULES = YES;
				CODE_SIGN_STYLE = Automatic;
				DEFINES_MODULE = YES;
				DYLIB_COMPATIBILITY_VERSION = 1;
				DYLIB_CURRENT_VERSION = 1;
				DYLIB_INSTALL_NAME_BASE = "@rpath";
				ENABLE_BITCODE = NO;
				INFOPLIST_FILE = Core/Info.plist;
				INSTALL_PATH = "$(LOCAL_LIBRARY_DIR)/Frameworks";
				LD_RUNPATH_SEARCH_PATHS = (
					"$(inherited)",
					"@executable_path/Frameworks",
					"@loader_path/Frameworks",
				);
				PRODUCT_BUNDLE_IDENTIFIER = pedrohgsilveira.Core;
				PRODUCT_NAME = "$(TARGET_NAME:c99extidentifier)";
				SKIP_INSTALL = YES;
				SUPPORTS_MACCATALYST = NO;
				SWIFT_OPTIMIZATION_LEVEL = "-Onone";
				SWIFT_VERSION = 5.0;
				TARGETED_DEVICE_FAMILY = "1,2";
			};
			name = Debug;
		};
		BD8F98D3276D557F002BD084 /* Release */ = {
			isa = XCBuildConfiguration;
			baseConfigurationReference = EA9F9480346F1A1607818115 /* Pods-Core.release.xcconfig */;
			buildSettings = {
				CLANG_ENABLE_MODULES = YES;
				CODE_SIGN_STYLE = Automatic;
				DEFINES_MODULE = YES;
				DYLIB_COMPATIBILITY_VERSION = 1;
				DYLIB_CURRENT_VERSION = 1;
				DYLIB_INSTALL_NAME_BASE = "@rpath";
				ENABLE_BITCODE = NO;
				INFOPLIST_FILE = Core/Info.plist;
				INSTALL_PATH = "$(LOCAL_LIBRARY_DIR)/Frameworks";
				LD_RUNPATH_SEARCH_PATHS = (
					"$(inherited)",
					"@executable_path/Frameworks",
					"@loader_path/Frameworks",
				);
				PRODUCT_BUNDLE_IDENTIFIER = pedrohgsilveira.Core;
				PRODUCT_NAME = "$(TARGET_NAME:c99extidentifier)";
				SKIP_INSTALL = YES;
				SUPPORTS_MACCATALYST = NO;
				SWIFT_VERSION = 5.0;
				TARGETED_DEVICE_FAMILY = "1,2";
			};
			name = Release;
		};
		BD8F98D5276D557F002BD084 /* Debug */ = {
			isa = XCBuildConfiguration;
			baseConfigurationReference = FFA0CEA5BBF9A1F37417ACD3 /* Pods-CoreTests.debug.xcconfig */;
			buildSettings = {
				ALWAYS_EMBED_SWIFT_STANDARD_LIBRARIES = YES;
				CLANG_ENABLE_MODULES = YES;
				CODE_SIGN_STYLE = Automatic;
				INFOPLIST_FILE = CoreTests/Info.plist;
				LD_RUNPATH_SEARCH_PATHS = (
					"$(inherited)",
					"@executable_path/Frameworks",
					"@loader_path/Frameworks",
				);
				PRODUCT_BUNDLE_IDENTIFIER = pedrohgsilveira.CoreTests;
				PRODUCT_NAME = "$(TARGET_NAME)";
				SWIFT_OPTIMIZATION_LEVEL = "-Onone";
				SWIFT_VERSION = 5.0;
				TARGETED_DEVICE_FAMILY = "1,2";
			};
			name = Debug;
		};
		BD8F98D6276D557F002BD084 /* Release */ = {
			isa = XCBuildConfiguration;
			baseConfigurationReference = 65F78F09886F368CEE3BC785 /* Pods-CoreTests.release.xcconfig */;
			buildSettings = {
				ALWAYS_EMBED_SWIFT_STANDARD_LIBRARIES = YES;
				CLANG_ENABLE_MODULES = YES;
				CODE_SIGN_STYLE = Automatic;
				INFOPLIST_FILE = CoreTests/Info.plist;
				LD_RUNPATH_SEARCH_PATHS = (
					"$(inherited)",
					"@executable_path/Frameworks",
					"@loader_path/Frameworks",
				);
				PRODUCT_BUNDLE_IDENTIFIER = pedrohgsilveira.CoreTests;
				PRODUCT_NAME = "$(TARGET_NAME)";
				SWIFT_VERSION = 5.0;
				TARGETED_DEVICE_FAMILY = "1,2";
			};
			name = Release;
		};
/* End XCBuildConfiguration section */

/* Begin XCConfigurationList section */
		BD8F98B7276D557F002BD084 /* Build configuration list for PBXProject "Core" */ = {
			isa = XCConfigurationList;
			buildConfigurations = (
				BD8F98CF276D557F002BD084 /* Debug */,
				BD8F98D0276D557F002BD084 /* Release */,
			);
			defaultConfigurationIsVisible = 0;
			defaultConfigurationName = Release;
		};
		BD8F98D1276D557F002BD084 /* Build configuration list for PBXNativeTarget "Core" */ = {
			isa = XCConfigurationList;
			buildConfigurations = (
				BD8F98D2276D557F002BD084 /* Debug */,
				BD8F98D3276D557F002BD084 /* Release */,
			);
			defaultConfigurationIsVisible = 0;
			defaultConfigurationName = Release;
		};
		BD8F98D4276D557F002BD084 /* Build configuration list for PBXNativeTarget "CoreTests" */ = {
			isa = XCConfigurationList;
			buildConfigurations = (
				BD8F98D5276D557F002BD084 /* Debug */,
				BD8F98D6276D557F002BD084 /* Release */,
			);
			defaultConfigurationIsVisible = 0;
			defaultConfigurationName = Release;
		};
/* End XCConfigurationList section */
	};
	rootObject = BD8F98B4276D557F002BD084 /* Project object */;
}
